PODS:
  - AudioKit (4.2.4):
    - AudioKit/UI (= 4.2.4)
  - AudioKit/UI (4.2.4)
  - ButtonProgressBar-iOS (1.0.1)
  - ChameleonFramework/Default (2.1.0)
  - ChameleonFramework/Swift (2.1.0):
    - ChameleonFramework/Default
  - HandyJSON (4.1.1)
  - Hero (1.2.0)
  - HGRippleRadarView (0.1.2)
  - SnapKit (4.0.0)
  - SVProgressHUD (2.2.5)
  - SwiftMessages (4.1.2)
  - Timepiece (1.3.1)
  - XLActionController (4.0.1):
    - XLActionController/Core (= 4.0.1)
  - XLActionController/Core (4.0.1)
  - XLActionController/Skype (4.0.1):
    - XLActionController/Core

DEPENDENCIES:
  - AudioKit (~> 4.0)
  - AudioKit/UI
  - ButtonProgressBar-iOS
  - ChameleonFramework/Swift (from `https://github.com/ViccAlexander/Chameleon.git`)
  - HandyJSON (~> 4.1.1)
  - Hero
  - HGRippleRadarView
  - SnapKit (~> 4.0.0)
  - SVProgressHUD
  - SwiftMessages
  - Timepiece
  - XLActionController
  - XLActionController/Skype

SPEC REPOS:
  https://github.com/CocoaPods/Specs.git:
    - AudioKit
    - ButtonProgressBar-iOS
    - HandyJSON
    - Hero
    - HGRippleRadarView
    - SnapKit
    - SVProgressHUD
    - SwiftMessages
    - Timepiece
    - XLActionController

EXTERNAL SOURCES:
  ChameleonFramework:
    :git: https://github.com/ViccAlexander/Chameleon.git

CHECKOUT OPTIONS:
  ChameleonFramework:
    :commit: 6dd284bde21ea2e7f9fd89bc36f40df16e16369d
    :git: https://github.com/ViccAlexander/Chameleon.git

SPEC CHECKSUMS:
  AudioKit: 90ed0de2bc50ab68306f4b424ae1622fc9149b8e
  ButtonProgressBar-iOS: 1127f15c7ab843648febc857fc2018c8224675c7
  ChameleonFramework: d21a3cc247abfe5e37609a283a8238b03575cf64
  HandyJSON: 3a3de917c4118767ffe41c29b5acba23409649f4
  Hero: 33dadf2cd1c98af71e213dcbc2902e6e03622a4e
  HGRippleRadarView: 5379e27634c09222ebc836671c7425ad7b257cc4
  SnapKit: a42d492c16e80209130a3379f73596c3454b7694
  SVProgressHUD: 1428aafac632c1f86f62aa4243ec12008d7a51d6
  SwiftMessages: d81f48c1f8b6bc1dbebdfffe11226f0344f937ca
  Timepiece: c0760ec0e545697d86b80424dcd2b4d5ef66cf51
  XLActionController: 007868251c0eed70d649d06c1625259b73b3a600

PODFILE CHECKSUM: 27367d73972f2dae32539a6c643f2d7f1327d96a

COCOAPODS: 1.5.0
