// !$*UTF8*$!
{
	archiveVersion = 1;
	classes = {
	};
	objectVersion = 50;
	objects = {

/* Begin PBXBuildFile section */
		7C0FDF5D21369994000200E2 /* BasicSequencer.swift in Sources */ = {isa = PBXBuildFile; fileRef = 7C0FDF5C21369994000200E2 /* BasicSequencer.swift */; };
		7C0FDF6021369B0C000200E2 /* GeneralUser.sf2 in Resources */ = {isa = PBXBuildFile; fileRef = 7C0FDF5F21369B0C000200E2 /* GeneralUser.sf2 */; };
		7C15E120212D4CC800077573 /* BasicKnowledge.swift in Sources */ = {isa = PBXBuildFile; fileRef = 7C15E11C212D4CC800077573 /* BasicKnowledge.swift */; };
		7C15E121212D4CC800077573 /* ExtensionForSomeClass.swift in Sources */ = {isa = PBXBuildFile; fileRef = 7C15E11D212D4CC800077573 /* ExtensionForSomeClass.swift */; };
		7C15E122212D4CC800077573 /* ToolClass.swift in Sources */ = {isa = PBXBuildFile; fileRef = 7C15E11E212D4CC800077573 /* ToolClass.swift */; };
		7C15E125212D65C500077573 /* FrameStandard.swift in Sources */ = {isa = PBXBuildFile; fileRef = 7C15E124212D65C500077573 /* FrameStandard.swift */; };
		7C1D7364212D470B00144822 /* AppDelegate.swift in Sources */ = {isa = PBXBuildFile; fileRef = 7C1D7363212D470B00144822 /* AppDelegate.swift */; };
		7C1D7366212D470B00144822 /* ViewController.swift in Sources */ = {isa = PBXBuildFile; fileRef = 7C1D7365212D470B00144822 /* ViewController.swift */; };
		7C1D7369212D470B00144822 /* Main.storyboard in Resources */ = {isa = PBXBuildFile; fileRef = 7C1D7367212D470B00144822 /* Main.storyboard */; };
		7C1D736C212D470B00144822 /* BeatDemo.xcdatamodeld in Sources */ = {isa = PBXBuildFile; fileRef = 7C1D736A212D470B00144822 /* BeatDemo.xcdatamodeld */; };
		7C1D736E212D470C00144822 /* Assets.xcassets in Resources */ = {isa = PBXBuildFile; fileRef = 7C1D736D212D470C00144822 /* Assets.xcassets */; };
		7C1D7371212D470C00144822 /* LaunchScreen.storyboard in Resources */ = {isa = PBXBuildFile; fileRef = 7C1D736F212D470C00144822 /* LaunchScreen.storyboard */; };
		7C1E4C442133D590003BE6EC /* SimpleAlertController.swift in Sources */ = {isa = PBXBuildFile; fileRef = 7C1E4C432133D590003BE6EC /* SimpleAlertController.swift */; };
		7C2E982921316B2F00BBCD75 /* Sequence.swift in Sources */ = {isa = PBXBuildFile; fileRef = 7C2E982821316B2F00BBCD75 /* Sequence.swift */; };
		7C2E982B21316C3C00BBCD75 /* Section.swift in Sources */ = {isa = PBXBuildFile; fileRef = 7C2E982A21316C3C00BBCD75 /* Section.swift */; };
		7C38ED27213BB678009A56FA /* 输入伴奏.mp3 in Resources */ = {isa = PBXBuildFile; fileRef = 7C38ED26213BB678009A56FA /* 输入伴奏.mp3 */; };
		7C44D9DD214211090063F77E /* StaticConfigurationModel.swift in Sources */ = {isa = PBXBuildFile; fileRef = 7C44D9DC214211090063F77E /* StaticConfigurationModel.swift */; };
		7C4DEFDB214760BA00D06D76 /* 噪音层节奏变种套路1.xml in Resources */ = {isa = PBXBuildFile; fileRef = 7C4DEFD9214760BA00D06D76 /* 噪音层节奏变种套路1.xml */; };
		7C4DEFDC214760BA00D06D76 /* 噪音层节奏基础套路1.xml in Resources */ = {isa = PBXBuildFile; fileRef = 7C4DEFDA214760BA00D06D76 /* 噪音层节奏基础套路1.xml */; };
		7C76988E213AE189006350D3 /* ProgressButtonManager.swift in Sources */ = {isa = PBXBuildFile; fileRef = 7C76988D213AE189006350D3 /* ProgressButtonManager.swift */; };
		7C842665212F979C0070FD69 /* EditViewController.swift in Sources */ = {isa = PBXBuildFile; fileRef = 7C842664212F979C0070FD69 /* EditViewController.swift */; };
		7C84266B212FB1230070FD69 /* NoteEvent.swift in Sources */ = {isa = PBXBuildFile; fileRef = 7C842668212FB1230070FD69 /* NoteEvent.swift */; };
		7C84266D212FB1230070FD69 /* PassNote.swift in Sources */ = {isa = PBXBuildFile; fileRef = 7C84266A212FB1230070FD69 /* PassNote.swift */; };
		7C842671212FDDBF0070FD69 /* MusicTimer.swift in Sources */ = {isa = PBXBuildFile; fileRef = 7C842670212FDDBF0070FD69 /* MusicTimer.swift */; };
		7C842673212FFAF40070FD69 /* TmpNote.swift in Sources */ = {isa = PBXBuildFile; fileRef = 7C842672212FFAF40070FD69 /* TmpNote.swift */; };
		7C84267521300B180070FD69 /* BasicPlayer.swift in Sources */ = {isa = PBXBuildFile; fileRef = 7C84267421300B180070FD69 /* BasicPlayer.swift */; };
		7C847DB12136CDB500A6EB1E /* Arrangement.swift in Sources */ = {isa = PBXBuildFile; fileRef = 7C847DB02136CDB500A6EB1E /* Arrangement.swift */; };
		7C888E73212D69000094DC85 /* BaseMusicKey.swift in Sources */ = {isa = PBXBuildFile; fileRef = 7C888E72212D69000094DC85 /* BaseMusicKey.swift */; };
		7C888E75212D69730094DC85 /* EnumStandard.swift in Sources */ = {isa = PBXBuildFile; fileRef = 7C888E74212D69730094DC85 /* EnumStandard.swift */; };
		7C888E77212D6D3B0094DC85 /* MusicKeyBoard.swift in Sources */ = {isa = PBXBuildFile; fileRef = 7C888E76212D6D3B0094DC85 /* MusicKeyBoard.swift */; };
		7C888E7E212E53D70094DC85 /* DataStandard.swift in Sources */ = {isa = PBXBuildFile; fileRef = 7C888E7D212E53D70094DC85 /* DataStandard.swift */; };
		7C9510A8214A137D00615E8B /* 编曲图谱修改版0.2.xml in Resources */ = {isa = PBXBuildFile; fileRef = 7C9510A7214A137C00615E8B /* 编曲图谱修改版0.2.xml */; };
		7CA6445B21366BD00062CA58 /* VariousSetFunc.swift in Sources */ = {isa = PBXBuildFile; fileRef = 7CA6445A21366BD00062CA58 /* VariousSetFunc.swift */; };
		7CB119132140BAAA005A5ABE /* ReferenceTrackMessage.swift in Sources */ = {isa = PBXBuildFile; fileRef = 7CB119122140BAAA005A5ABE /* ReferenceTrackMessage.swift */; };
		7CB119152140FC77005A5ABE /* ArrangingMapFunc.swift in Sources */ = {isa = PBXBuildFile; fileRef = 7CB119142140FC77005A5ABE /* ArrangingMapFunc.swift */; };
		7CB432FA21422629006F367A /* ButtonProgressBar_iOS.framework in Frameworks */ = {isa = PBXBuildFile; fileRef = 7CB432F921422629006F367A /* ButtonProgressBar_iOS.framework */; };
		7CB432FC2142265E006F367A /* ChameleonFramework.framework in Frameworks */ = {isa = PBXBuildFile; fileRef = 7CB432FB2142265E006F367A /* ChameleonFramework.framework */; };
		7CB432FE2142265E006F367A /* HandyJSON.framework in Frameworks */ = {isa = PBXBuildFile; fileRef = 7CB432FD2142265E006F367A /* HandyJSON.framework */; };
		7CB433002142265E006F367A /* Hero.framework in Frameworks */ = {isa = PBXBuildFile; fileRef = 7CB432FF2142265E006F367A /* Hero.framework */; };
		7CB433022142265E006F367A /* HGRippleRadarView.framework in Frameworks */ = {isa = PBXBuildFile; fileRef = 7CB433012142265E006F367A /* HGRippleRadarView.framework */; };
		7CB433042142265E006F367A /* SnapKit.framework in Frameworks */ = {isa = PBXBuildFile; fileRef = 7CB433032142265E006F367A /* SnapKit.framework */; };
		7CB433062142265E006F367A /* SwiftMessages.framework in Frameworks */ = {isa = PBXBuildFile; fileRef = 7CB433052142265E006F367A /* SwiftMessages.framework */; };
		7CB433082142265E006F367A /* Timepiece.framework in Frameworks */ = {isa = PBXBuildFile; fileRef = 7CB433072142265E006F367A /* Timepiece.framework */; };
		7CB4330A2142265E006F367A /* XLActionController.framework in Frameworks */ = {isa = PBXBuildFile; fileRef = 7CB433092142265E006F367A /* XLActionController.framework */; };
		7CB4330C21424B09006F367A /* SwiftyXMLParser.framework in Frameworks */ = {isa = PBXBuildFile; fileRef = 7CB4330B21424B09006F367A /* SwiftyXMLParser.framework */; };
		7CB4330E21424FFD006F367A /* 四部和声midi.xml in Resources */ = {isa = PBXBuildFile; fileRef = 7CB4330D21424FFD006F367A /* 四部和声midi.xml */; };
		7CD3F9AF213AEA0700F7A795 /* 播放伴奏_普通.mp3 in Resources */ = {isa = PBXBuildFile; fileRef = 7CD3F9AD213AEA0700F7A795 /* 播放伴奏_普通.mp3 */; };
		7CDC546F2148ECEE002A31D7 /* GeneralUserPiano.sf2 in Resources */ = {isa = PBXBuildFile; fileRef = 7CDC546E2148ECEE002A31D7 /* GeneralUserPiano.sf2 */; };
		7CDC54722148FEA6002A31D7 /* SVProgressHUD.framework in Frameworks */ = {isa = PBXBuildFile; fileRef = 7CDC54712148FEA6002A31D7 /* SVProgressHUD.framework */; };
		7CDC5478214912EE002A31D7 /* bass_drum_C1.wav in Resources */ = {isa = PBXBuildFile; fileRef = 7CDC5475214912ED002A31D7 /* bass_drum_C1.wav */; };
		7CDC5479214912EE002A31D7 /* closed_hi_hat_F#1.wav in Resources */ = {isa = PBXBuildFile; fileRef = 7CDC5476214912EE002A31D7 /* closed_hi_hat_F#1.wav */; };
		7CDC547A214912EE002A31D7 /* snare_D1.wav in Resources */ = {isa = PBXBuildFile; fileRef = 7CDC5477214912EE002A31D7 /* snare_D1.wav */; };
		7CE5C124213C2DE4000B7E9D /* 播放伴奏_摇滚.mp3 in Resources */ = {isa = PBXBuildFile; fileRef = 7CE5C123213C2DE4000B7E9D /* 播放伴奏_摇滚.mp3 */; };
/* End PBXBuildFile section */

/* Begin PBXFileReference section */
		198DE31940DDDEBD09895E7B /* Pods-BeatDemo.release.xcconfig */ = {isa = PBXFileReference; includeInIndex = 1; lastKnownFileType = text.xcconfig; name = "Pods-BeatDemo.release.xcconfig"; path = "Pods/Target Support Files/Pods-BeatDemo/Pods-BeatDemo.release.xcconfig"; sourceTree = "<group>"; };
		3D780262589EA7F2CFC0DA1D /* Pods-BeatDemo.debug.xcconfig */ = {isa = PBXFileReference; includeInIndex = 1; lastKnownFileType = text.xcconfig; name = "Pods-BeatDemo.debug.xcconfig"; path = "Pods/Target Support Files/Pods-BeatDemo/Pods-BeatDemo.debug.xcconfig"; sourceTree = "<group>"; };
		690775DCC4F41B88F16A2F75 /* Pods_BeatDemo.framework */ = {isa = PBXFileReference; explicitFileType = wrapper.framework; includeInIndex = 0; path = Pods_BeatDemo.framework; sourceTree = BUILT_PRODUCTS_DIR; };
		7C0FDF5C21369994000200E2 /* BasicSequencer.swift */ = {isa = PBXFileReference; fileEncoding = 4; lastKnownFileType = sourcecode.swift; path = BasicSequencer.swift; sourceTree = "<group>"; };
		7C0FDF5F21369B0C000200E2 /* GeneralUser.sf2 */ = {isa = PBXFileReference; lastKnownFileType = file; path = GeneralUser.sf2; sourceTree = "<group>"; };
		7C15E11C212D4CC800077573 /* BasicKnowledge.swift */ = {isa = PBXFileReference; fileEncoding = 4; lastKnownFileType = sourcecode.swift; path = BasicKnowledge.swift; sourceTree = "<group>"; };
		7C15E11D212D4CC800077573 /* ExtensionForSomeClass.swift */ = {isa = PBXFileReference; fileEncoding = 4; lastKnownFileType = sourcecode.swift; path = ExtensionForSomeClass.swift; sourceTree = "<group>"; };
		7C15E11E212D4CC800077573 /* ToolClass.swift */ = {isa = PBXFileReference; fileEncoding = 4; lastKnownFileType = sourcecode.swift; path = ToolClass.swift; sourceTree = "<group>"; };
		7C15E124212D65C500077573 /* FrameStandard.swift */ = {isa = PBXFileReference; lastKnownFileType = sourcecode.swift; path = FrameStandard.swift; sourceTree = "<group>"; };
		7C1D7360212D470B00144822 /* BeatDemo.app */ = {isa = PBXFileReference; explicitFileType = wrapper.application; includeInIndex = 0; path = BeatDemo.app; sourceTree = BUILT_PRODUCTS_DIR; };
		7C1D7363212D470B00144822 /* AppDelegate.swift */ = {isa = PBXFileReference; lastKnownFileType = sourcecode.swift; path = AppDelegate.swift; sourceTree = "<group>"; };
		7C1D7365212D470B00144822 /* ViewController.swift */ = {isa = PBXFileReference; lastKnownFileType = sourcecode.swift; path = ViewController.swift; sourceTree = "<group>"; };
		7C1D7368212D470B00144822 /* Base */ = {isa = PBXFileReference; lastKnownFileType = file.storyboard; name = Base; path = Base.lproj/Main.storyboard; sourceTree = "<group>"; };
		7C1D736B212D470B00144822 /* BeatDemo.xcdatamodel */ = {isa = PBXFileReference; lastKnownFileType = wrapper.xcdatamodel; path = BeatDemo.xcdatamodel; sourceTree = "<group>"; };
		7C1D736D212D470C00144822 /* Assets.xcassets */ = {isa = PBXFileReference; lastKnownFileType = folder.assetcatalog; path = Assets.xcassets; sourceTree = "<group>"; };
		7C1D7370212D470C00144822 /* Base */ = {isa = PBXFileReference; lastKnownFileType = file.storyboard; name = Base; path = Base.lproj/LaunchScreen.storyboard; sourceTree = "<group>"; };
		7C1D7372212D470C00144822 /* Info.plist */ = {isa = PBXFileReference; lastKnownFileType = text.plist.xml; path = Info.plist; sourceTree = "<group>"; };
		7C1E4C432133D590003BE6EC /* SimpleAlertController.swift */ = {isa = PBXFileReference; lastKnownFileType = sourcecode.swift; path = SimpleAlertController.swift; sourceTree = "<group>"; };
		7C2E982821316B2F00BBCD75 /* Sequence.swift */ = {isa = PBXFileReference; fileEncoding = 4; lastKnownFileType = sourcecode.swift; path = Sequence.swift; sourceTree = "<group>"; };
		7C2E982A21316C3C00BBCD75 /* Section.swift */ = {isa = PBXFileReference; lastKnownFileType = sourcecode.swift; path = Section.swift; sourceTree = "<group>"; };
		7C38ED26213BB678009A56FA /* 输入伴奏.mp3 */ = {isa = PBXFileReference; lastKnownFileType = audio.mp3; path = "输入伴奏.mp3"; sourceTree = "<group>"; };
		7C44D9DC214211090063F77E /* StaticConfigurationModel.swift */ = {isa = PBXFileReference; lastKnownFileType = sourcecode.swift; path = StaticConfigurationModel.swift; sourceTree = "<group>"; };
		7C4DEFD9214760BA00D06D76 /* 噪音层节奏变种套路1.xml */ = {isa = PBXFileReference; fileEncoding = 4; lastKnownFileType = text.xml; path = "噪音层节奏变种套路1.xml"; sourceTree = "<group>"; };
		7C4DEFDA214760BA00D06D76 /* 噪音层节奏基础套路1.xml */ = {isa = PBXFileReference; fileEncoding = 4; lastKnownFileType = text.xml; path = "噪音层节奏基础套路1.xml"; sourceTree = "<group>"; };
		7C76988D213AE189006350D3 /* ProgressButtonManager.swift */ = {isa = PBXFileReference; fileEncoding = 4; lastKnownFileType = sourcecode.swift; path = ProgressButtonManager.swift; sourceTree = "<group>"; };
		7C842664212F979C0070FD69 /* EditViewController.swift */ = {isa = PBXFileReference; lastKnownFileType = sourcecode.swift; path = EditViewController.swift; sourceTree = "<group>"; };
		7C842668212FB1230070FD69 /* NoteEvent.swift */ = {isa = PBXFileReference; fileEncoding = 4; lastKnownFileType = sourcecode.swift; path = NoteEvent.swift; sourceTree = "<group>"; };
		7C84266A212FB1230070FD69 /* PassNote.swift */ = {isa = PBXFileReference; fileEncoding = 4; lastKnownFileType = sourcecode.swift; path = PassNote.swift; sourceTree = "<group>"; };
		7C842670212FDDBF0070FD69 /* MusicTimer.swift */ = {isa = PBXFileReference; lastKnownFileType = sourcecode.swift; path = MusicTimer.swift; sourceTree = "<group>"; };
		7C842672212FFAF40070FD69 /* TmpNote.swift */ = {isa = PBXFileReference; lastKnownFileType = sourcecode.swift; path = TmpNote.swift; sourceTree = "<group>"; };
		7C84267421300B180070FD69 /* BasicPlayer.swift */ = {isa = PBXFileReference; fileEncoding = 4; lastKnownFileType = sourcecode.swift; path = BasicPlayer.swift; sourceTree = "<group>"; };
		7C847DB02136CDB500A6EB1E /* Arrangement.swift */ = {isa = PBXFileReference; fileEncoding = 4; lastKnownFileType = sourcecode.swift; path = Arrangement.swift; sourceTree = "<group>"; };
		7C888E72212D69000094DC85 /* BaseMusicKey.swift */ = {isa = PBXFileReference; lastKnownFileType = sourcecode.swift; path = BaseMusicKey.swift; sourceTree = "<group>"; };
		7C888E74212D69730094DC85 /* EnumStandard.swift */ = {isa = PBXFileReference; lastKnownFileType = sourcecode.swift; path = EnumStandard.swift; sourceTree = "<group>"; };
		7C888E76212D6D3B0094DC85 /* MusicKeyBoard.swift */ = {isa = PBXFileReference; lastKnownFileType = sourcecode.swift; path = MusicKeyBoard.swift; sourceTree = "<group>"; };
		7C888E7A212E47DC0094DC85 /* BeatDemo-Bridging-Header.h */ = {isa = PBXFileReference; lastKnownFileType = sourcecode.c.h; path = "BeatDemo-Bridging-Header.h"; sourceTree = "<group>"; };
		7C888E7D212E53D70094DC85 /* DataStandard.swift */ = {isa = PBXFileReference; lastKnownFileType = sourcecode.swift; path = DataStandard.swift; sourceTree = "<group>"; };
		7C9510A7214A137C00615E8B /* 编曲图谱修改版0.2.xml */ = {isa = PBXFileReference; fileEncoding = 4; lastKnownFileType = text.xml; path = "编曲图谱修改版0.2.xml"; sourceTree = "<group>"; };
		7CA6445A21366BD00062CA58 /* VariousSetFunc.swift */ = {isa = PBXFileReference; lastKnownFileType = sourcecode.swift; path = VariousSetFunc.swift; sourceTree = "<group>"; };
		7CB119122140BAAA005A5ABE /* ReferenceTrackMessage.swift */ = {isa = PBXFileReference; lastKnownFileType = sourcecode.swift; path = ReferenceTrackMessage.swift; sourceTree = "<group>"; };
		7CB119142140FC77005A5ABE /* ArrangingMapFunc.swift */ = {isa = PBXFileReference; lastKnownFileType = sourcecode.swift; path = ArrangingMapFunc.swift; sourceTree = "<group>"; };
		7CB1191621412101005A5ABE /* libz.tbd */ = {isa = PBXFileReference; lastKnownFileType = "sourcecode.text-based-dylib-definition"; name = libz.tbd; path = usr/lib/libz.tbd; sourceTree = SDKROOT; };
		7CB1193C21412454005A5ABE /* libiconv.2.dylib */ = {isa = PBXFileReference; lastKnownFileType = "compiled.mach-o.dylib"; name = libiconv.2.dylib; path = ../../../../../usr/lib/libiconv.2.dylib; sourceTree = "<group>"; };
		7CB432F721422604006F367A /* SVProgressHUD.framework */ = {isa = PBXFileReference; explicitFileType = wrapper.framework; path = SVProgressHUD.framework; sourceTree = BUILT_PRODUCTS_DIR; };
		7CB432F921422629006F367A /* ButtonProgressBar_iOS.framework */ = {isa = PBXFileReference; explicitFileType = wrapper.framework; path = ButtonProgressBar_iOS.framework; sourceTree = BUILT_PRODUCTS_DIR; };
		7CB432FB2142265E006F367A /* ChameleonFramework.framework */ = {isa = PBXFileReference; explicitFileType = wrapper.framework; path = ChameleonFramework.framework; sourceTree = BUILT_PRODUCTS_DIR; };
		7CB432FD2142265E006F367A /* HandyJSON.framework */ = {isa = PBXFileReference; explicitFileType = wrapper.framework; path = HandyJSON.framework; sourceTree = BUILT_PRODUCTS_DIR; };
		7CB432FF2142265E006F367A /* Hero.framework */ = {isa = PBXFileReference; explicitFileType = wrapper.framework; path = Hero.framework; sourceTree = BUILT_PRODUCTS_DIR; };
		7CB433012142265E006F367A /* HGRippleRadarView.framework */ = {isa = PBXFileReference; explicitFileType = wrapper.framework; path = HGRippleRadarView.framework; sourceTree = BUILT_PRODUCTS_DIR; };
		7CB433032142265E006F367A /* SnapKit.framework */ = {isa = PBXFileReference; explicitFileType = wrapper.framework; path = SnapKit.framework; sourceTree = BUILT_PRODUCTS_DIR; };
		7CB433052142265E006F367A /* SwiftMessages.framework */ = {isa = PBXFileReference; explicitFileType = wrapper.framework; path = SwiftMessages.framework; sourceTree = BUILT_PRODUCTS_DIR; };
		7CB433072142265E006F367A /* Timepiece.framework */ = {isa = PBXFileReference; explicitFileType = wrapper.framework; path = Timepiece.framework; sourceTree = BUILT_PRODUCTS_DIR; };
		7CB433092142265E006F367A /* XLActionController.framework */ = {isa = PBXFileReference; explicitFileType = wrapper.framework; path = XLActionController.framework; sourceTree = BUILT_PRODUCTS_DIR; };
		7CB4330B21424B09006F367A /* SwiftyXMLParser.framework */ = {isa = PBXFileReference; explicitFileType = wrapper.framework; path = SwiftyXMLParser.framework; sourceTree = BUILT_PRODUCTS_DIR; };
		7CB4330D21424FFD006F367A /* 四部和声midi.xml */ = {isa = PBXFileReference; fileEncoding = 4; lastKnownFileType = text.xml; path = "四部和声midi.xml"; sourceTree = "<group>"; };
		7CD3F9AD213AEA0700F7A795 /* 播放伴奏_普通.mp3 */ = {isa = PBXFileReference; lastKnownFileType = audio.mp3; path = "播放伴奏_普通.mp3"; sourceTree = "<group>"; };
		7CDC546E2148ECEE002A31D7 /* GeneralUserPiano.sf2 */ = {isa = PBXFileReference; lastKnownFileType = file; path = GeneralUserPiano.sf2; sourceTree = "<group>"; };
		7CDC54712148FEA6002A31D7 /* SVProgressHUD.framework */ = {isa = PBXFileReference; explicitFileType = wrapper.framework; path = SVProgressHUD.framework; sourceTree = BUILT_PRODUCTS_DIR; };
		7CDC54732148FF37002A31D7 /* Pods_BeatDemo.framework */ = {isa = PBXFileReference; explicitFileType = wrapper.framework; path = Pods_BeatDemo.framework; sourceTree = BUILT_PRODUCTS_DIR; };
		7CDC5475214912ED002A31D7 /* bass_drum_C1.wav */ = {isa = PBXFileReference; lastKnownFileType = audio.wav; path = bass_drum_C1.wav; sourceTree = "<group>"; };
		7CDC5476214912EE002A31D7 /* closed_hi_hat_F#1.wav */ = {isa = PBXFileReference; lastKnownFileType = audio.wav; path = "closed_hi_hat_F#1.wav"; sourceTree = "<group>"; };
		7CDC5477214912EE002A31D7 /* snare_D1.wav */ = {isa = PBXFileReference; lastKnownFileType = audio.wav; path = snare_D1.wav; sourceTree = "<group>"; };
		7CE5C123213C2DE4000B7E9D /* 播放伴奏_摇滚.mp3 */ = {isa = PBXFileReference; lastKnownFileType = audio.mp3; path = "播放伴奏_摇滚.mp3"; sourceTree = "<group>"; };
/* End PBXFileReference section */

/* Begin PBXFrameworksBuildPhase section */
		7C1D735D212D470B00144822 /* Frameworks */ = {
			isa = PBXFrameworksBuildPhase;
			buildActionMask = 2147483647;
			files = (
				7CDC54722148FEA6002A31D7 /* SVProgressHUD.framework in Frameworks */,
				7CB4330C21424B09006F367A /* SwiftyXMLParser.framework in Frameworks */,
				7CB432FC2142265E006F367A /* ChameleonFramework.framework in Frameworks */,
				7CB432FE2142265E006F367A /* HandyJSON.framework in Frameworks */,
				7CB433002142265E006F367A /* Hero.framework in Frameworks */,
				7CB433022142265E006F367A /* HGRippleRadarView.framework in Frameworks */,
				7CB433042142265E006F367A /* SnapKit.framework in Frameworks */,
				7CB433062142265E006F367A /* SwiftMessages.framework in Frameworks */,
				7CB433082142265E006F367A /* Timepiece.framework in Frameworks */,
				7CB4330A2142265E006F367A /* XLActionController.framework in Frameworks */,
				7CB432FA21422629006F367A /* ButtonProgressBar_iOS.framework in Frameworks */,
			);
			runOnlyForDeploymentPostprocessing = 0;
		};
/* End PBXFrameworksBuildPhase section */

/* Begin PBXGroup section */
		16C40F28E0F3D800039CDF43 /* Pods */ = {
			isa = PBXGroup;
			children = (
				3D780262589EA7F2CFC0DA1D /* Pods-BeatDemo.debug.xcconfig */,
				198DE31940DDDEBD09895E7B /* Pods-BeatDemo.release.xcconfig */,
			);
			name = Pods;
			sourceTree = "<group>";
		};
		7C15E116212D4C7D00077573 /* AppStandard */ = {
			isa = PBXGroup;
			children = (
				7C2E982821316B2F00BBCD75 /* Sequence.swift */,
				7C888E74212D69730094DC85 /* EnumStandard.swift */,
				7C15E124212D65C500077573 /* FrameStandard.swift */,
				7C888E7D212E53D70094DC85 /* DataStandard.swift */,
				7CA6445A21366BD00062CA58 /* VariousSetFunc.swift */,
				7C44D9DC214211090063F77E /* StaticConfigurationModel.swift */,
			);
			path = AppStandard;
			sourceTree = "<group>";
		};
		7C15E117212D4C7D00077573 /* Main */ = {
			isa = PBXGroup;
			children = (
				7C15E119212D4C7D00077573 /* BaseClass */,
				7C1D7367212D470B00144822 /* Main.storyboard */,
				7C15E118212D4C7D00077573 /* Business */,
			);
			path = Main;
			sourceTree = "<group>";
		};
		7C15E118212D4C7D00077573 /* Business */ = {
			isa = PBXGroup;
			children = (
				7C842662212F977D0070FD69 /* BuildViewController */,
				7C842663212F977D0070FD69 /* EditViewController */,
			);
			path = Business;
			sourceTree = "<group>";
		};
		7C15E119212D4C7D00077573 /* BaseClass */ = {
			isa = PBXGroup;
			children = (
				7C76988D213AE189006350D3 /* ProgressButtonManager.swift */,
				7C84267421300B180070FD69 /* BasicPlayer.swift */,
				7C0FDF5C21369994000200E2 /* BasicSequencer.swift */,
				7C888E72212D69000094DC85 /* BaseMusicKey.swift */,
				7C888E76212D6D3B0094DC85 /* MusicKeyBoard.swift */,
				7C842670212FDDBF0070FD69 /* MusicTimer.swift */,
				7C1E4C432133D590003BE6EC /* SimpleAlertController.swift */,
			);
			path = BaseClass;
			sourceTree = "<group>";
		};
		7C15E11A212D4C7D00077573 /* Tools */ = {
			isa = PBXGroup;
			children = (
				7C15E11C212D4CC800077573 /* BasicKnowledge.swift */,
				7C15E11D212D4CC800077573 /* ExtensionForSomeClass.swift */,
				7C15E11E212D4CC800077573 /* ToolClass.swift */,
			);
			path = Tools;
			sourceTree = "<group>";
		};
		7C15E11B212D4C7D00077573 /* DataModel */ = {
			isa = PBXGroup;
			children = (
				7C2E982A21316C3C00BBCD75 /* Section.swift */,
				7C842668212FB1230070FD69 /* NoteEvent.swift */,
				7C84266A212FB1230070FD69 /* PassNote.swift */,
				7C842672212FFAF40070FD69 /* TmpNote.swift */,
				7C847DB02136CDB500A6EB1E /* Arrangement.swift */,
				7CB119122140BAAA005A5ABE /* ReferenceTrackMessage.swift */,
				7CB119142140FC77005A5ABE /* ArrangingMapFunc.swift */,
			);
			path = DataModel;
			sourceTree = "<group>";
		};
		7C1D7357212D470A00144822 = {
			isa = PBXGroup;
			children = (
				7C1D7362212D470B00144822 /* BeatDemo */,
				7C1D7361212D470B00144822 /* Products */,
				16C40F28E0F3D800039CDF43 /* Pods */,
				A1E6A2DF3EF7B207B633A981 /* Frameworks */,
			);
			sourceTree = "<group>";
		};
		7C1D7361212D470B00144822 /* Products */ = {
			isa = PBXGroup;
			children = (
				7C1D7360212D470B00144822 /* BeatDemo.app */,
			);
			name = Products;
			sourceTree = "<group>";
		};
		7C1D7362212D470B00144822 /* BeatDemo */ = {
			isa = PBXGroup;
			children = (
				7C1D7379212D4B4500144822 /* Class */,
				7C1D7378212D4B1E00144822 /* AboutApp */,
			);
			path = BeatDemo;
			sourceTree = "<group>";
		};
		7C1D7378212D4B1E00144822 /* AboutApp */ = {
			isa = PBXGroup;
			children = (
				7C1D7363212D470B00144822 /* AppDelegate.swift */,
				7C38ED26213BB678009A56FA /* 输入伴奏.mp3 */,
				7CD3F9AD213AEA0700F7A795 /* 播放伴奏_普通.mp3 */,
				7CE5C123213C2DE4000B7E9D /* 播放伴奏_摇滚.mp3 */,
				7C9510A4214A03C600615E8B /* XML */,
				7CDC54702148ED03002A31D7 /* Sf2File */,
				7C4DEFDD2147DE9200D06D76 /* Drums */,
				7C1D736D212D470C00144822 /* Assets.xcassets */,
				7C1D736F212D470C00144822 /* LaunchScreen.storyboard */,
				7C1D7372212D470C00144822 /* Info.plist */,
				7C1D736A212D470B00144822 /* BeatDemo.xcdatamodeld */,
				7C888E7A212E47DC0094DC85 /* BeatDemo-Bridging-Header.h */,
			);
			name = AboutApp;
			sourceTree = "<group>";
		};
		7C1D7379212D4B4500144822 /* Class */ = {
			isa = PBXGroup;
			children = (
				7C15E11A212D4C7D00077573 /* Tools */,
				7C15E116212D4C7D00077573 /* AppStandard */,
				7C15E11B212D4C7D00077573 /* DataModel */,
				7C15E117212D4C7D00077573 /* Main */,
				7C2E982321312E2200BBCD75 /* LocalFramework */,
			);
			path = Class;
			sourceTree = "<group>";
		};
		7C2E982321312E2200BBCD75 /* LocalFramework */ = {
			isa = PBXGroup;
			children = (
			);
			path = LocalFramework;
			sourceTree = "<group>";
		};
		7C4DEFDD2147DE9200D06D76 /* Drums */ = {
			isa = PBXGroup;
			children = (
				7CDC5475214912ED002A31D7 /* bass_drum_C1.wav */,
				7CDC5477214912EE002A31D7 /* snare_D1.wav */,
				7CDC5476214912EE002A31D7 /* closed_hi_hat_F#1.wav */,
			);
			path = Drums;
			sourceTree = "<group>";
		};
		7C842662212F977D0070FD69 /* BuildViewController */ = {
			isa = PBXGroup;
			children = (
				7C1D7365212D470B00144822 /* ViewController.swift */,
			);
			path = BuildViewController;
			sourceTree = "<group>";
		};
		7C842663212F977D0070FD69 /* EditViewController */ = {
			isa = PBXGroup;
			children = (
				7C842664212F979C0070FD69 /* EditViewController.swift */,
			);
			path = EditViewController;
			sourceTree = "<group>";
		};
		7C9510A4214A03C600615E8B /* XML */ = {
			isa = PBXGroup;
			children = (
				7CB4330D21424FFD006F367A /* 四部和声midi.xml */,
				7C9510A7214A137C00615E8B /* 编曲图谱修改版0.2.xml */,
				7C4DEFDA214760BA00D06D76 /* 噪音层节奏基础套路1.xml */,
				7C4DEFD9214760BA00D06D76 /* 噪音层节奏变种套路1.xml */,
			);
			path = XML;
			sourceTree = "<group>";
		};
		7CDC54702148ED03002A31D7 /* Sf2File */ = {
			isa = PBXGroup;
			children = (
				7C0FDF5F21369B0C000200E2 /* GeneralUser.sf2 */,
				7CDC546E2148ECEE002A31D7 /* GeneralUserPiano.sf2 */,
			);
			path = Sf2File;
			sourceTree = "<group>";
		};
		A1E6A2DF3EF7B207B633A981 /* Frameworks */ = {
			isa = PBXGroup;
			children = (
				7CDC54732148FF37002A31D7 /* Pods_BeatDemo.framework */,
				7CDC54712148FEA6002A31D7 /* SVProgressHUD.framework */,
				7CB4330B21424B09006F367A /* SwiftyXMLParser.framework */,
				7CB432FB2142265E006F367A /* ChameleonFramework.framework */,
				7CB432FD2142265E006F367A /* HandyJSON.framework */,
				7CB432FF2142265E006F367A /* Hero.framework */,
				7CB433012142265E006F367A /* HGRippleRadarView.framework */,
				7CB433032142265E006F367A /* SnapKit.framework */,
				7CB433052142265E006F367A /* SwiftMessages.framework */,
				7CB433072142265E006F367A /* Timepiece.framework */,
				7CB433092142265E006F367A /* XLActionController.framework */,
				7CB432F921422629006F367A /* ButtonProgressBar_iOS.framework */,
				7CB432F721422604006F367A /* SVProgressHUD.framework */,
				7CB1193C21412454005A5ABE /* libiconv.2.dylib */,
				7CB1191621412101005A5ABE /* libz.tbd */,
				690775DCC4F41B88F16A2F75 /* Pods_BeatDemo.framework */,
			);
			name = Frameworks;
			sourceTree = "<group>";
		};
/* End PBXGroup section */

/* Begin PBXNativeTarget section */
		7C1D735F212D470B00144822 /* BeatDemo */ = {
			isa = PBXNativeTarget;
			buildConfigurationList = 7C1D7375212D470C00144822 /* Build configuration list for PBXNativeTarget "BeatDemo" */;
			buildPhases = (
				D149C439ACA27CCB71D09FE5 /* [CP] Check Pods Manifest.lock */,
				7C1D735C212D470B00144822 /* Sources */,
				7C1D735D212D470B00144822 /* Frameworks */,
				7C1D735E212D470B00144822 /* Resources */,
				FF1E9366B47A704ACCBA8399 /* [CP] Embed Pods Frameworks */,
				7C888E79212D7B050094DC85 /* ShellScript */,
			);
			buildRules = (
			);
			dependencies = (
			);
			name = BeatDemo;
			productName = BeatDemo;
			productReference = 7C1D7360212D470B00144822 /* BeatDemo.app */;
			productType = "com.apple.product-type.application";
		};
/* End PBXNativeTarget section */

/* Begin PBXProject section */
		7C1D7358212D470A00144822 /* Project object */ = {
			isa = PBXProject;
			attributes = {
				LastSwiftUpdateCheck = 0940;
				LastUpgradeCheck = 0940;
				ORGANIZATIONNAME = "X Young.";
				TargetAttributes = {
					7C1D735F212D470B00144822 = {
						CreatedOnToolsVersion = 9.4.1;
						LastSwiftMigration = 0940;
					};
				};
			};
			buildConfigurationList = 7C1D735B212D470A00144822 /* Build configuration list for PBXProject "BeatDemo" */;
			compatibilityVersion = "Xcode 9.3";
			developmentRegion = en;
			hasScannedForEncodings = 0;
			knownRegions = (
				en,
				Base,
			);
			mainGroup = 7C1D7357212D470A00144822;
			productRefGroup = 7C1D7361212D470B00144822 /* Products */;
			projectDirPath = "";
			projectRoot = "";
			targets = (
				7C1D735F212D470B00144822 /* BeatDemo */,
			);
		};
/* End PBXProject section */

/* Begin PBXResourcesBuildPhase section */
		7C1D735E212D470B00144822 /* Resources */ = {
			isa = PBXResourcesBuildPhase;
			buildActionMask = 2147483647;
			files = (
				7C4DEFDB214760BA00D06D76 /* 噪音层节奏变种套路1.xml in Resources */,
				7CDC546F2148ECEE002A31D7 /* GeneralUserPiano.sf2 in Resources */,
				7C1D7371212D470C00144822 /* LaunchScreen.storyboard in Resources */,
				7CDC5478214912EE002A31D7 /* bass_drum_C1.wav in Resources */,
				7CD3F9AF213AEA0700F7A795 /* 播放伴奏_普通.mp3 in Resources */,
				7CDC5479214912EE002A31D7 /* closed_hi_hat_F#1.wav in Resources */,
				7C1D736E212D470C00144822 /* Assets.xcassets in Resources */,
				7CDC547A214912EE002A31D7 /* snare_D1.wav in Resources */,
				7C0FDF6021369B0C000200E2 /* GeneralUser.sf2 in Resources */,
				7CE5C124213C2DE4000B7E9D /* 播放伴奏_摇滚.mp3 in Resources */,
				7CB4330E21424FFD006F367A /* 四部和声midi.xml in Resources */,
				7C1D7369212D470B00144822 /* Main.storyboard in Resources */,
				7C9510A8214A137D00615E8B /* 编曲图谱修改版0.2.xml in Resources */,
				7C4DEFDC214760BA00D06D76 /* 噪音层节奏基础套路1.xml in Resources */,
				7C38ED27213BB678009A56FA /* 输入伴奏.mp3 in Resources */,
			);
			runOnlyForDeploymentPostprocessing = 0;
		};
/* End PBXResourcesBuildPhase section */

/* Begin PBXShellScriptBuildPhase section */
		7C888E79212D7B050094DC85 /* ShellScript */ = {
			isa = PBXShellScriptBuildPhase;
			buildActionMask = 2147483647;
			files = (
			);
			inputPaths = (
			);
			outputPaths = (
			);
			runOnlyForDeploymentPostprocessing = 0;
			shellPath = /bin/sh;
			shellScript = "TAGS=\"TODO:|FIXME:\"\necho \"searching ${SRCROOT} for ${TAGS}\"\nfind \"${SRCROOT}\" \\( -name \"*.swift\" \\) -print0 | xargs -0 egrep --with-filename --line-number --only-matching \"($TAGS).*\\$\" | perl -p -e \"s/($TAGS)/ warning: \\$1/\"";
		};
		D149C439ACA27CCB71D09FE5 /* [CP] Check Pods Manifest.lock */ = {
			isa = PBXShellScriptBuildPhase;
			buildActionMask = 2147483647;
			files = (
			);
			inputPaths = (
				"${PODS_PODFILE_DIR_PATH}/Podfile.lock",
				"${PODS_ROOT}/Manifest.lock",
			);
			name = "[CP] Check Pods Manifest.lock";
			outputPaths = (
				"$(DERIVED_FILE_DIR)/Pods-BeatDemo-checkManifestLockResult.txt",
			);
			runOnlyForDeploymentPostprocessing = 0;
			shellPath = /bin/sh;
			shellScript = "diff \"${PODS_PODFILE_DIR_PATH}/Podfile.lock\" \"${PODS_ROOT}/Manifest.lock\" > /dev/null\nif [ $? != 0 ] ; then\n    # print error to STDERR\n    echo \"error: The sandbox is not in sync with the Podfile.lock. Run 'pod install' or update your CocoaPods installation.\" >&2\n    exit 1\nfi\n# This output is used by Xcode 'outputs' to avoid re-running this script phase.\necho \"SUCCESS\" > \"${SCRIPT_OUTPUT_FILE_0}\"\n";
			showEnvVarsInLog = 0;
		};
		FF1E9366B47A704ACCBA8399 /* [CP] Embed Pods Frameworks */ = {
			isa = PBXShellScriptBuildPhase;
			buildActionMask = 2147483647;
			files = (
			);
			inputPaths = (
				"${SRCROOT}/Pods/Target Support Files/Pods-BeatDemo/Pods-BeatDemo-frameworks.sh",
				"${BUILT_PRODUCTS_DIR}/ButtonProgressBar-iOS/ButtonProgressBar_iOS.framework",
				"${BUILT_PRODUCTS_DIR}/ChameleonFramework/ChameleonFramework.framework",
				"${BUILT_PRODUCTS_DIR}/HGRippleRadarView/HGRippleRadarView.framework",
				"${BUILT_PRODUCTS_DIR}/HandyJSON/HandyJSON.framework",
				"${BUILT_PRODUCTS_DIR}/Hero/Hero.framework",
				"${BUILT_PRODUCTS_DIR}/SVProgressHUD/SVProgressHUD.framework",
				"${BUILT_PRODUCTS_DIR}/SnapKit/SnapKit.framework",
				"${BUILT_PRODUCTS_DIR}/SwiftMessages/SwiftMessages.framework",
				"${BUILT_PRODUCTS_DIR}/SwiftyXMLParser/SwiftyXMLParser.framework",
				"${BUILT_PRODUCTS_DIR}/Timepiece/Timepiece.framework",
				"${BUILT_PRODUCTS_DIR}/XLActionController/XLActionController.framework",
			);
			name = "[CP] Embed Pods Frameworks";
			outputPaths = (
				"${TARGET_BUILD_DIR}/${FRAMEWORKS_FOLDER_PATH}/ButtonProgressBar_iOS.framework",
				"${TARGET_BUILD_DIR}/${FRAMEWORKS_FOLDER_PATH}/ChameleonFramework.framework",
				"${TARGET_BUILD_DIR}/${FRAMEWORKS_FOLDER_PATH}/HGRippleRadarView.framework",
				"${TARGET_BUILD_DIR}/${FRAMEWORKS_FOLDER_PATH}/HandyJSON.framework",
				"${TARGET_BUILD_DIR}/${FRAMEWORKS_FOLDER_PATH}/Hero.framework",
				"${TARGET_BUILD_DIR}/${FRAMEWORKS_FOLDER_PATH}/SVProgressHUD.framework",
				"${TARGET_BUILD_DIR}/${FRAMEWORKS_FOLDER_PATH}/SnapKit.framework",
				"${TARGET_BUILD_DIR}/${FRAMEWORKS_FOLDER_PATH}/SwiftMessages.framework",
				"${TARGET_BUILD_DIR}/${FRAMEWORKS_FOLDER_PATH}/SwiftyXMLParser.framework",
				"${TARGET_BUILD_DIR}/${FRAMEWORKS_FOLDER_PATH}/Timepiece.framework",
				"${TARGET_BUILD_DIR}/${FRAMEWORKS_FOLDER_PATH}/XLActionController.framework",
			);
			runOnlyForDeploymentPostprocessing = 0;
			shellPath = /bin/sh;
			shellScript = "\"${SRCROOT}/Pods/Target Support Files/Pods-BeatDemo/Pods-BeatDemo-frameworks.sh\"\n";
			showEnvVarsInLog = 0;
		};
/* End PBXShellScriptBuildPhase section */

/* Begin PBXSourcesBuildPhase section */
		7C1D735C212D470B00144822 /* Sources */ = {
			isa = PBXSourcesBuildPhase;
			buildActionMask = 2147483647;
			files = (
				7C76988E213AE189006350D3 /* ProgressButtonManager.swift in Sources */,
				7C44D9DD214211090063F77E /* StaticConfigurationModel.swift in Sources */,
				7C842673212FFAF40070FD69 /* TmpNote.swift in Sources */,
				7C15E125212D65C500077573 /* FrameStandard.swift in Sources */,
				7C2E982921316B2F00BBCD75 /* Sequence.swift in Sources */,
				7CB119152140FC77005A5ABE /* ArrangingMapFunc.swift in Sources */,
				7C15E122212D4CC800077573 /* ToolClass.swift in Sources */,
				7C84266D212FB1230070FD69 /* PassNote.swift in Sources */,
				7C888E7E212E53D70094DC85 /* DataStandard.swift in Sources */,
				7C888E77212D6D3B0094DC85 /* MusicKeyBoard.swift in Sources */,
				7CA6445B21366BD00062CA58 /* VariousSetFunc.swift in Sources */,
				7C888E73212D69000094DC85 /* BaseMusicKey.swift in Sources */,
				7C84266B212FB1230070FD69 /* NoteEvent.swift in Sources */,
				7C1D7366212D470B00144822 /* ViewController.swift in Sources */,
				7C847DB12136CDB500A6EB1E /* Arrangement.swift in Sources */,
				7C1E4C442133D590003BE6EC /* SimpleAlertController.swift in Sources */,
				7C84267521300B180070FD69 /* BasicPlayer.swift in Sources */,
				7C15E120212D4CC800077573 /* BasicKnowledge.swift in Sources */,
				7CB119132140BAAA005A5ABE /* ReferenceTrackMessage.swift in Sources */,
				7C2E982B21316C3C00BBCD75 /* Section.swift in Sources */,
				7C15E121212D4CC800077573 /* ExtensionForSomeClass.swift in Sources */,
				7C842665212F979C0070FD69 /* EditViewController.swift in Sources */,
				7C842671212FDDBF0070FD69 /* MusicTimer.swift in Sources */,
				7C0FDF5D21369994000200E2 /* BasicSequencer.swift in Sources */,
				7C1D736C212D470B00144822 /* BeatDemo.xcdatamodeld in Sources */,
				7C888E75212D69730094DC85 /* EnumStandard.swift in Sources */,
				7C1D7364212D470B00144822 /* AppDelegate.swift in Sources */,
			);
			runOnlyForDeploymentPostprocessing = 0;
		};
/* End PBXSourcesBuildPhase section */

/* Begin PBXVariantGroup section */
		7C1D7367212D470B00144822 /* Main.storyboard */ = {
			isa = PBXVariantGroup;
			children = (
				7C1D7368212D470B00144822 /* Base */,
			);
			name = Main.storyboard;
			sourceTree = "<group>";
		};
		7C1D736F212D470C00144822 /* LaunchScreen.storyboard */ = {
			isa = PBXVariantGroup;
			children = (
				7C1D7370212D470C00144822 /* Base */,
			);
			name = LaunchScreen.storyboard;
			sourceTree = "<group>";
		};
/* End PBXVariantGroup section */

/* Begin XCBuildConfiguration section */
		7C1D7373212D470C00144822 /* Debug */ = {
			isa = XCBuildConfiguration;
			buildSettings = {
				ALWAYS_SEARCH_USER_PATHS = NO;
				CLANG_ANALYZER_NONNULL = YES;
				CLANG_ANALYZER_NUMBER_OBJECT_CONVERSION = YES_AGGRESSIVE;
				CLANG_CXX_LANGUAGE_STANDARD = "gnu++14";
				CLANG_CXX_LIBRARY = "libc++";
				CLANG_ENABLE_MODULES = YES;
				CLANG_ENABLE_OBJC_ARC = YES;
				CLANG_ENABLE_OBJC_WEAK = YES;
				CLANG_WARN_BLOCK_CAPTURE_AUTORELEASING = YES;
				CLANG_WARN_BOOL_CONVERSION = YES;
				CLANG_WARN_COMMA = YES;
				CLANG_WARN_CONSTANT_CONVERSION = YES;
				CLANG_WARN_DEPRECATED_OBJC_IMPLEMENTATIONS = YES;
				CLANG_WARN_DIRECT_OBJC_ISA_USAGE = YES_ERROR;
				CLANG_WARN_DOCUMENTATION_COMMENTS = YES;
				CLANG_WARN_EMPTY_BODY = YES;
				CLANG_WARN_ENUM_CONVERSION = YES;
				CLANG_WARN_INFINITE_RECURSION = YES;
				CLANG_WARN_INT_CONVERSION = YES;
				CLANG_WARN_NON_LITERAL_NULL_CONVERSION = YES;
				CLANG_WARN_OBJC_IMPLICIT_RETAIN_SELF = YES;
				CLANG_WARN_OBJC_LITERAL_CONVERSION = YES;
				CLANG_WARN_OBJC_ROOT_CLASS = YES_ERROR;
				CLANG_WARN_RANGE_LOOP_ANALYSIS = YES;
				CLANG_WARN_STRICT_PROTOTYPES = YES;
				CLANG_WARN_SUSPICIOUS_MOVE = YES;
				CLANG_WARN_UNGUARDED_AVAILABILITY = YES_AGGRESSIVE;
				CLANG_WARN_UNREACHABLE_CODE = YES;
				CLANG_WARN__DUPLICATE_METHOD_MATCH = YES;
				CODE_SIGN_IDENTITY = "iPhone Developer";
				COPY_PHASE_STRIP = NO;
				DEBUG_INFORMATION_FORMAT = dwarf;
				ENABLE_STRICT_OBJC_MSGSEND = YES;
				ENABLE_TESTABILITY = YES;
				GCC_C_LANGUAGE_STANDARD = gnu11;
				GCC_DYNAMIC_NO_PIC = NO;
				GCC_NO_COMMON_BLOCKS = YES;
				GCC_OPTIMIZATION_LEVEL = 0;
				GCC_PREPROCESSOR_DEFINITIONS = (
					"DEBUG=1",
					"$(inherited)",
				);
				GCC_WARN_64_TO_32_BIT_CONVERSION = YES;
				GCC_WARN_ABOUT_RETURN_TYPE = YES_ERROR;
				GCC_WARN_UNDECLARED_SELECTOR = YES;
				GCC_WARN_UNINITIALIZED_AUTOS = YES_AGGRESSIVE;
				GCC_WARN_UNUSED_FUNCTION = YES;
				GCC_WARN_UNUSED_VARIABLE = YES;
				IPHONEOS_DEPLOYMENT_TARGET = 11.4;
				MTL_ENABLE_DEBUG_INFO = YES;
				ONLY_ACTIVE_ARCH = YES;
				SDKROOT = iphoneos;
				SWIFT_ACTIVE_COMPILATION_CONDITIONS = DEBUG;
				SWIFT_OPTIMIZATION_LEVEL = "-Onone";
			};
			name = Debug;
		};
		7C1D7374212D470C00144822 /* Release */ = {
			isa = XCBuildConfiguration;
			buildSettings = {
				ALWAYS_SEARCH_USER_PATHS = NO;
				CLANG_ANALYZER_NONNULL = YES;
				CLANG_ANALYZER_NUMBER_OBJECT_CONVERSION = YES_AGGRESSIVE;
				CLANG_CXX_LANGUAGE_STANDARD = "gnu++14";
				CLANG_CXX_LIBRARY = "libc++";
				CLANG_ENABLE_MODULES = YES;
				CLANG_ENABLE_OBJC_ARC = YES;
				CLANG_ENABLE_OBJC_WEAK = YES;
				CLANG_WARN_BLOCK_CAPTURE_AUTORELEASING = YES;
				CLANG_WARN_BOOL_CONVERSION = YES;
				CLANG_WARN_COMMA = YES;
				CLANG_WARN_CONSTANT_CONVERSION = YES;
				CLANG_WARN_DEPRECATED_OBJC_IMPLEMENTATIONS = YES;
				CLANG_WARN_DIRECT_OBJC_ISA_USAGE = YES_ERROR;
				CLANG_WARN_DOCUMENTATION_COMMENTS = YES;
				CLANG_WARN_EMPTY_BODY = YES;
				CLANG_WARN_ENUM_CONVERSION = YES;
				CLANG_WARN_INFINITE_RECURSION = YES;
				CLANG_WARN_INT_CONVERSION = YES;
				CLANG_WARN_NON_LITERAL_NULL_CONVERSION = YES;
				CLANG_WARN_OBJC_IMPLICIT_RETAIN_SELF = YES;
				CLANG_WARN_OBJC_LITERAL_CONVERSION = YES;
				CLANG_WARN_OBJC_ROOT_CLASS = YES_ERROR;
				CLANG_WARN_RANGE_LOOP_ANALYSIS = YES;
				CLANG_WARN_STRICT_PROTOTYPES = YES;
				CLANG_WARN_SUSPICIOUS_MOVE = YES;
				CLANG_WARN_UNGUARDED_AVAILABILITY = YES_AGGRESSIVE;
				CLANG_WARN_UNREACHABLE_CODE = YES;
				CLANG_WARN__DUPLICATE_METHOD_MATCH = YES;
				CODE_SIGN_IDENTITY = "iPhone Developer";
				COPY_PHASE_STRIP = NO;
				DEBUG_INFORMATION_FORMAT = "dwarf-with-dsym";
				ENABLE_NS_ASSERTIONS = NO;
				ENABLE_STRICT_OBJC_MSGSEND = YES;
				GCC_C_LANGUAGE_STANDARD = gnu11;
				GCC_NO_COMMON_BLOCKS = YES;
				GCC_WARN_64_TO_32_BIT_CONVERSION = YES;
				GCC_WARN_ABOUT_RETURN_TYPE = YES_ERROR;
				GCC_WARN_UNDECLARED_SELECTOR = YES;
				GCC_WARN_UNINITIALIZED_AUTOS = YES_AGGRESSIVE;
				GCC_WARN_UNUSED_FUNCTION = YES;
				GCC_WARN_UNUSED_VARIABLE = YES;
				IPHONEOS_DEPLOYMENT_TARGET = 11.4;
				MTL_ENABLE_DEBUG_INFO = NO;
				SDKROOT = iphoneos;
				SWIFT_COMPILATION_MODE = wholemodule;
				SWIFT_OPTIMIZATION_LEVEL = "-O";
				VALIDATE_PRODUCT = YES;
			};
			name = Release;
		};
		7C1D7376212D470C00144822 /* Debug */ = {
			isa = XCBuildConfiguration;
			baseConfigurationReference = 3D780262589EA7F2CFC0DA1D /* Pods-BeatDemo.debug.xcconfig */;
			buildSettings = {
				ALWAYS_SEARCH_USER_PATHS = NO;
				ASSETCATALOG_COMPILER_APPICON_NAME = AppIcon;
				CLANG_ENABLE_MODULES = YES;
				CODE_SIGN_STYLE = Automatic;
				DEVELOPMENT_TEAM = L9ZC5Q2DDV;
				HEADER_SEARCH_PATHS = "$(OBJROOT)/UninstalledProducts/$(PLATFORM_NAME)/include";
				INFOPLIST_FILE = BeatDemo/Info.plist;
				IPHONEOS_DEPLOYMENT_TARGET = 10.0;
				LD_RUNPATH_SEARCH_PATHS = (
					"$(inherited)",
					"@executable_path/Frameworks",
				);
				OTHER_LDFLAGS = (
					"$(inherited)",
					"-ObjC",
					"-lc++",
				);
				PRODUCT_BUNDLE_IDENTIFIER = com.ChongMen.BeatDemo;
				PRODUCT_NAME = "$(TARGET_NAME)";
				SWIFT_OBJC_BRIDGING_HEADER = "$(SRCROOT)/BeatDemo/BeatDemo-Bridging-Header.h";
				SWIFT_OPTIMIZATION_LEVEL = "-Onone";
				SWIFT_VERSION = 4.0;
				TARGETED_DEVICE_FAMILY = 1;
				USER_HEADER_SEARCH_PATHS = "";
			};
			name = Debug;
		};
		7C1D7377212D470C00144822 /* Release */ = {
			isa = XCBuildConfiguration;
			baseConfigurationReference = 198DE31940DDDEBD09895E7B /* Pods-BeatDemo.release.xcconfig */;
			buildSettings = {
				ALWAYS_SEARCH_USER_PATHS = NO;
				ASSETCATALOG_COMPILER_APPICON_NAME = AppIcon;
				CLANG_ENABLE_MODULES = YES;
				CODE_SIGN_STYLE = Automatic;
				DEVELOPMENT_TEAM = L9ZC5Q2DDV;
				HEADER_SEARCH_PATHS = "$(OBJROOT)/UninstalledProducts/$(PLATFORM_NAME)/include";
				INFOPLIST_FILE = BeatDemo/Info.plist;
				IPHONEOS_DEPLOYMENT_TARGET = 10.0;
				LD_RUNPATH_SEARCH_PATHS = (
					"$(inherited)",
					"@executable_path/Frameworks",
				);
				OTHER_LDFLAGS = (
					"$(inherited)",
					"-ObjC",
					"-lc++",
				);
				PRODUCT_BUNDLE_IDENTIFIER = com.ChongMen.BeatDemo;
				PRODUCT_NAME = "$(TARGET_NAME)";
				SWIFT_OBJC_BRIDGING_HEADER = "$(SRCROOT)/BeatDemo/BeatDemo-Bridging-Header.h";
				SWIFT_VERSION = 4.0;
				TARGETED_DEVICE_FAMILY = 1;
				USER_HEADER_SEARCH_PATHS = "";
			};
			name = Release;
		};
/* End XCBuildConfiguration section */

/* Begin XCConfigurationList section */
		7C1D735B212D470A00144822 /* Build configuration list for PBXProject "BeatDemo" */ = {
			isa = XCConfigurationList;
			buildConfigurations = (
				7C1D7373212D470C00144822 /* Debug */,
				7C1D7374212D470C00144822 /* Release */,
			);
			defaultConfigurationIsVisible = 0;
			defaultConfigurationName = Release;
		};
		7C1D7375212D470C00144822 /* Build configuration list for PBXNativeTarget "BeatDemo" */ = {
			isa = XCConfigurationList;
			buildConfigurations = (
				7C1D7376212D470C00144822 /* Debug */,
				7C1D7377212D470C00144822 /* Release */,
			);
			defaultConfigurationIsVisible = 0;
			defaultConfigurationName = Release;
		};
/* End XCConfigurationList section */

/* Begin XCVersionGroup section */
		7C1D736A212D470B00144822 /* BeatDemo.xcdatamodeld */ = {
			isa = XCVersionGroup;
			children = (
				7C1D736B212D470B00144822 /* BeatDemo.xcdatamodel */,
			);
			currentVersion = 7C1D736B212D470B00144822 /* BeatDemo.xcdatamodel */;
			path = BeatDemo.xcdatamodeld;
			sourceTree = "<group>";
			versionGroupType = wrapper.xcdatamodel;
		};
/* End XCVersionGroup section */
	};
	rootObject = 7C1D7358212D470A00144822 /* Project object */;
}
