// !$*UTF8*$!
{
	archiveVersion = 1;
	classes = {
	};
	objectVersion = 50;
	objects = {

/* Begin PBXBuildFile section */
		1F620CBC93B1561DD92E56F0 /* Pods_BeatDemo.framework in Frameworks */ = {isa = PBXBuildFile; fileRef = 690775DCC4F41B88F16A2F75 /* Pods_BeatDemo.framework */; };
		7C15E120212D4CC800077573 /* BasicKnowledge.swift in Sources */ = {isa = PBXBuildFile; fileRef = 7C15E11C212D4CC800077573 /* BasicKnowledge.swift */; };
		7C15E121212D4CC800077573 /* ExtensionForSomeClass.swift in Sources */ = {isa = PBXBuildFile; fileRef = 7C15E11D212D4CC800077573 /* ExtensionForSomeClass.swift */; };
		7C15E122212D4CC800077573 /* ToolClass.swift in Sources */ = {isa = PBXBuildFile; fileRef = 7C15E11E212D4CC800077573 /* ToolClass.swift */; };
		7C15E125212D65C500077573 /* FrameStandard.swift in Sources */ = {isa = PBXBuildFile; fileRef = 7C15E124212D65C500077573 /* FrameStandard.swift */; };
		7C1D7364212D470B00144822 /* AppDelegate.swift in Sources */ = {isa = PBXBuildFile; fileRef = 7C1D7363212D470B00144822 /* AppDelegate.swift */; };
		7C1D7366212D470B00144822 /* ViewController.swift in Sources */ = {isa = PBXBuildFile; fileRef = 7C1D7365212D470B00144822 /* ViewController.swift */; };
		7C1D7369212D470B00144822 /* Main.storyboard in Resources */ = {isa = PBXBuildFile; fileRef = 7C1D7367212D470B00144822 /* Main.storyboard */; };
		7C1D736C212D470B00144822 /* BeatDemo.xcdatamodeld in Sources */ = {isa = PBXBuildFile; fileRef = 7C1D736A212D470B00144822 /* BeatDemo.xcdatamodeld */; };
		7C1D736E212D470C00144822 /* Assets.xcassets in Resources */ = {isa = PBXBuildFile; fileRef = 7C1D736D212D470C00144822 /* Assets.xcassets */; };
		7C1D7371212D470C00144822 /* LaunchScreen.storyboard in Resources */ = {isa = PBXBuildFile; fileRef = 7C1D736F212D470C00144822 /* LaunchScreen.storyboard */; };
		7C1E4C442133D590003BE6EC /* SimpleAlertController.swift in Sources */ = {isa = PBXBuildFile; fileRef = 7C1E4C432133D590003BE6EC /* SimpleAlertController.swift */; };
		7C2E982521312E9900BBCD75 /* SegmentedProgressBar.swift in Sources */ = {isa = PBXBuildFile; fileRef = 7C2E982421312E9900BBCD75 /* SegmentedProgressBar.swift */; };
		7C2E9827213145F100BBCD75 /* ProgressButtonManager.swift in Sources */ = {isa = PBXBuildFile; fileRef = 7C2E9826213145F100BBCD75 /* ProgressButtonManager.swift */; };
		7C2E982921316B2F00BBCD75 /* Sequence.swift in Sources */ = {isa = PBXBuildFile; fileRef = 7C2E982821316B2F00BBCD75 /* Sequence.swift */; };
		7C2E982B21316C3C00BBCD75 /* Section.swift in Sources */ = {isa = PBXBuildFile; fileRef = 7C2E982A21316C3C00BBCD75 /* Section.swift */; };
		7C842665212F979C0070FD69 /* EditViewController.swift in Sources */ = {isa = PBXBuildFile; fileRef = 7C842664212F979C0070FD69 /* EditViewController.swift */; };
		7C84266B212FB1230070FD69 /* NoteEvent.swift in Sources */ = {isa = PBXBuildFile; fileRef = 7C842668212FB1230070FD69 /* NoteEvent.swift */; };
		7C84266C212FB1230070FD69 /* BasicSequencer.swift in Sources */ = {isa = PBXBuildFile; fileRef = 7C842669212FB1230070FD69 /* BasicSequencer.swift */; };
		7C84266D212FB1230070FD69 /* PassNote.swift in Sources */ = {isa = PBXBuildFile; fileRef = 7C84266A212FB1230070FD69 /* PassNote.swift */; };
		7C842671212FDDBF0070FD69 /* MusicTimer.swift in Sources */ = {isa = PBXBuildFile; fileRef = 7C842670212FDDBF0070FD69 /* MusicTimer.swift */; };
		7C842673212FFAF40070FD69 /* TmpNote.swift in Sources */ = {isa = PBXBuildFile; fileRef = 7C842672212FFAF40070FD69 /* TmpNote.swift */; };
		7C84267521300B180070FD69 /* BasicPlayer.swift in Sources */ = {isa = PBXBuildFile; fileRef = 7C84267421300B180070FD69 /* BasicPlayer.swift */; };
		7C888E73212D69000094DC85 /* BaseMusicKey.swift in Sources */ = {isa = PBXBuildFile; fileRef = 7C888E72212D69000094DC85 /* BaseMusicKey.swift */; };
		7C888E75212D69730094DC85 /* EnumStandard.swift in Sources */ = {isa = PBXBuildFile; fileRef = 7C888E74212D69730094DC85 /* EnumStandard.swift */; };
		7C888E77212D6D3B0094DC85 /* MusicKeyBoard.swift in Sources */ = {isa = PBXBuildFile; fileRef = 7C888E76212D6D3B0094DC85 /* MusicKeyBoard.swift */; };
		7C888E7E212E53D70094DC85 /* DataStandard.swift in Sources */ = {isa = PBXBuildFile; fileRef = 7C888E7D212E53D70094DC85 /* DataStandard.swift */; };
/* End PBXBuildFile section */

/* Begin PBXFileReference section */
		198DE31940DDDEBD09895E7B /* Pods-BeatDemo.release.xcconfig */ = {isa = PBXFileReference; includeInIndex = 1; lastKnownFileType = text.xcconfig; name = "Pods-BeatDemo.release.xcconfig"; path = "Pods/Target Support Files/Pods-BeatDemo/Pods-BeatDemo.release.xcconfig"; sourceTree = "<group>"; };
		3D780262589EA7F2CFC0DA1D /* Pods-BeatDemo.debug.xcconfig */ = {isa = PBXFileReference; includeInIndex = 1; lastKnownFileType = text.xcconfig; name = "Pods-BeatDemo.debug.xcconfig"; path = "Pods/Target Support Files/Pods-BeatDemo/Pods-BeatDemo.debug.xcconfig"; sourceTree = "<group>"; };
		690775DCC4F41B88F16A2F75 /* Pods_BeatDemo.framework */ = {isa = PBXFileReference; explicitFileType = wrapper.framework; includeInIndex = 0; path = Pods_BeatDemo.framework; sourceTree = BUILT_PRODUCTS_DIR; };
		7C15E11C212D4CC800077573 /* BasicKnowledge.swift */ = {isa = PBXFileReference; fileEncoding = 4; lastKnownFileType = sourcecode.swift; path = BasicKnowledge.swift; sourceTree = "<group>"; };
		7C15E11D212D4CC800077573 /* ExtensionForSomeClass.swift */ = {isa = PBXFileReference; fileEncoding = 4; lastKnownFileType = sourcecode.swift; path = ExtensionForSomeClass.swift; sourceTree = "<group>"; };
		7C15E11E212D4CC800077573 /* ToolClass.swift */ = {isa = PBXFileReference; fileEncoding = 4; lastKnownFileType = sourcecode.swift; path = ToolClass.swift; sourceTree = "<group>"; };
		7C15E124212D65C500077573 /* FrameStandard.swift */ = {isa = PBXFileReference; lastKnownFileType = sourcecode.swift; path = FrameStandard.swift; sourceTree = "<group>"; };
		7C1D7360212D470B00144822 /* BeatDemo.app */ = {isa = PBXFileReference; explicitFileType = wrapper.application; includeInIndex = 0; path = BeatDemo.app; sourceTree = BUILT_PRODUCTS_DIR; };
		7C1D7363212D470B00144822 /* AppDelegate.swift */ = {isa = PBXFileReference; lastKnownFileType = sourcecode.swift; path = AppDelegate.swift; sourceTree = "<group>"; };
		7C1D7365212D470B00144822 /* ViewController.swift */ = {isa = PBXFileReference; lastKnownFileType = sourcecode.swift; path = ViewController.swift; sourceTree = "<group>"; };
		7C1D7368212D470B00144822 /* Base */ = {isa = PBXFileReference; lastKnownFileType = file.storyboard; name = Base; path = Base.lproj/Main.storyboard; sourceTree = "<group>"; };
		7C1D736B212D470B00144822 /* BeatDemo.xcdatamodel */ = {isa = PBXFileReference; lastKnownFileType = wrapper.xcdatamodel; path = BeatDemo.xcdatamodel; sourceTree = "<group>"; };
		7C1D736D212D470C00144822 /* Assets.xcassets */ = {isa = PBXFileReference; lastKnownFileType = folder.assetcatalog; path = Assets.xcassets; sourceTree = "<group>"; };
		7C1D7370212D470C00144822 /* Base */ = {isa = PBXFileReference; lastKnownFileType = file.storyboard; name = Base; path = Base.lproj/LaunchScreen.storyboard; sourceTree = "<group>"; };
		7C1D7372212D470C00144822 /* Info.plist */ = {isa = PBXFileReference; lastKnownFileType = text.plist.xml; path = Info.plist; sourceTree = "<group>"; };
		7C1E4C432133D590003BE6EC /* SimpleAlertController.swift */ = {isa = PBXFileReference; lastKnownFileType = sourcecode.swift; path = SimpleAlertController.swift; sourceTree = "<group>"; };
		7C2E982421312E9900BBCD75 /* SegmentedProgressBar.swift */ = {isa = PBXFileReference; lastKnownFileType = sourcecode.swift; path = SegmentedProgressBar.swift; sourceTree = "<group>"; };
		7C2E9826213145F100BBCD75 /* ProgressButtonManager.swift */ = {isa = PBXFileReference; lastKnownFileType = sourcecode.swift; path = ProgressButtonManager.swift; sourceTree = "<group>"; };
		7C2E982821316B2F00BBCD75 /* Sequence.swift */ = {isa = PBXFileReference; fileEncoding = 4; lastKnownFileType = sourcecode.swift; path = Sequence.swift; sourceTree = "<group>"; };
		7C2E982A21316C3C00BBCD75 /* Section.swift */ = {isa = PBXFileReference; lastKnownFileType = sourcecode.swift; path = Section.swift; sourceTree = "<group>"; };
		7C842664212F979C0070FD69 /* EditViewController.swift */ = {isa = PBXFileReference; lastKnownFileType = sourcecode.swift; path = EditViewController.swift; sourceTree = "<group>"; };
		7C842668212FB1230070FD69 /* NoteEvent.swift */ = {isa = PBXFileReference; fileEncoding = 4; lastKnownFileType = sourcecode.swift; path = NoteEvent.swift; sourceTree = "<group>"; };
		7C842669212FB1230070FD69 /* BasicSequencer.swift */ = {isa = PBXFileReference; fileEncoding = 4; lastKnownFileType = sourcecode.swift; path = BasicSequencer.swift; sourceTree = "<group>"; };
		7C84266A212FB1230070FD69 /* PassNote.swift */ = {isa = PBXFileReference; fileEncoding = 4; lastKnownFileType = sourcecode.swift; path = PassNote.swift; sourceTree = "<group>"; };
		7C842670212FDDBF0070FD69 /* MusicTimer.swift */ = {isa = PBXFileReference; lastKnownFileType = sourcecode.swift; path = MusicTimer.swift; sourceTree = "<group>"; };
		7C842672212FFAF40070FD69 /* TmpNote.swift */ = {isa = PBXFileReference; lastKnownFileType = sourcecode.swift; path = TmpNote.swift; sourceTree = "<group>"; };
		7C84267421300B180070FD69 /* BasicPlayer.swift */ = {isa = PBXFileReference; fileEncoding = 4; lastKnownFileType = sourcecode.swift; path = BasicPlayer.swift; sourceTree = "<group>"; };
		7C888E72212D69000094DC85 /* BaseMusicKey.swift */ = {isa = PBXFileReference; lastKnownFileType = sourcecode.swift; path = BaseMusicKey.swift; sourceTree = "<group>"; };
		7C888E74212D69730094DC85 /* EnumStandard.swift */ = {isa = PBXFileReference; lastKnownFileType = sourcecode.swift; path = EnumStandard.swift; sourceTree = "<group>"; };
		7C888E76212D6D3B0094DC85 /* MusicKeyBoard.swift */ = {isa = PBXFileReference; lastKnownFileType = sourcecode.swift; path = MusicKeyBoard.swift; sourceTree = "<group>"; };
		7C888E7A212E47DC0094DC85 /* BeatDemo-Bridging-Header.h */ = {isa = PBXFileReference; lastKnownFileType = sourcecode.c.h; path = "BeatDemo-Bridging-Header.h"; sourceTree = "<group>"; };
		7C888E7D212E53D70094DC85 /* DataStandard.swift */ = {isa = PBXFileReference; lastKnownFileType = sourcecode.swift; path = DataStandard.swift; sourceTree = "<group>"; };
/* End PBXFileReference section */

/* Begin PBXFrameworksBuildPhase section */
		7C1D735D212D470B00144822 /* Frameworks */ = {
			isa = PBXFrameworksBuildPhase;
			buildActionMask = 2147483647;
			files = (
				1F620CBC93B1561DD92E56F0 /* Pods_BeatDemo.framework in Frameworks */,
			);
			runOnlyForDeploymentPostprocessing = 0;
		};
/* End PBXFrameworksBuildPhase section */

/* Begin PBXGroup section */
		16C40F28E0F3D800039CDF43 /* Pods */ = {
			isa = PBXGroup;
			children = (
				3D780262589EA7F2CFC0DA1D /* Pods-BeatDemo.debug.xcconfig */,
				198DE31940DDDEBD09895E7B /* Pods-BeatDemo.release.xcconfig */,
			);
			name = Pods;
			sourceTree = "<group>";
		};
		7C15E116212D4C7D00077573 /* AppStandard */ = {
			isa = PBXGroup;
			children = (
				7C2E982821316B2F00BBCD75 /* Sequence.swift */,
				7C888E74212D69730094DC85 /* EnumStandard.swift */,
				7C15E124212D65C500077573 /* FrameStandard.swift */,
				7C888E7D212E53D70094DC85 /* DataStandard.swift */,
			);
			path = AppStandard;
			sourceTree = "<group>";
		};
		7C15E117212D4C7D00077573 /* Main */ = {
			isa = PBXGroup;
			children = (
				7C1D7367212D470B00144822 /* Main.storyboard */,
				7C15E119212D4C7D00077573 /* BaseClass */,
				7C15E118212D4C7D00077573 /* Business */,
			);
			path = Main;
			sourceTree = "<group>";
		};
		7C15E118212D4C7D00077573 /* Business */ = {
			isa = PBXGroup;
			children = (
				7C842662212F977D0070FD69 /* BuildViewController */,
				7C842663212F977D0070FD69 /* EditViewController */,
			);
			path = Business;
			sourceTree = "<group>";
		};
		7C15E119212D4C7D00077573 /* BaseClass */ = {
			isa = PBXGroup;
			children = (
				7C84267421300B180070FD69 /* BasicPlayer.swift */,
				7C842669212FB1230070FD69 /* BasicSequencer.swift */,
				7C888E72212D69000094DC85 /* BaseMusicKey.swift */,
				7C888E76212D6D3B0094DC85 /* MusicKeyBoard.swift */,
				7C2E9826213145F100BBCD75 /* ProgressButtonManager.swift */,
				7C842670212FDDBF0070FD69 /* MusicTimer.swift */,
				7C1E4C432133D590003BE6EC /* SimpleAlertController.swift */,
			);
			path = BaseClass;
			sourceTree = "<group>";
		};
		7C15E11A212D4C7D00077573 /* Tools */ = {
			isa = PBXGroup;
			children = (
				7C15E11C212D4CC800077573 /* BasicKnowledge.swift */,
				7C15E11D212D4CC800077573 /* ExtensionForSomeClass.swift */,
				7C15E11E212D4CC800077573 /* ToolClass.swift */,
			);
			path = Tools;
			sourceTree = "<group>";
		};
		7C15E11B212D4C7D00077573 /* DataModel */ = {
			isa = PBXGroup;
			children = (
				7C2E982A21316C3C00BBCD75 /* Section.swift */,
				7C842668212FB1230070FD69 /* NoteEvent.swift */,
				7C84266A212FB1230070FD69 /* PassNote.swift */,
				7C842672212FFAF40070FD69 /* TmpNote.swift */,
			);
			path = DataModel;
			sourceTree = "<group>";
		};
		7C1D7357212D470A00144822 = {
			isa = PBXGroup;
			children = (
				7C1D7362212D470B00144822 /* BeatDemo */,
				7C1D7361212D470B00144822 /* Products */,
				16C40F28E0F3D800039CDF43 /* Pods */,
				A1E6A2DF3EF7B207B633A981 /* Frameworks */,
			);
			sourceTree = "<group>";
		};
		7C1D7361212D470B00144822 /* Products */ = {
			isa = PBXGroup;
			children = (
				7C1D7360212D470B00144822 /* BeatDemo.app */,
			);
			name = Products;
			sourceTree = "<group>";
		};
		7C1D7362212D470B00144822 /* BeatDemo */ = {
			isa = PBXGroup;
			children = (
				7C1D7379212D4B4500144822 /* Class */,
				7C1D7378212D4B1E00144822 /* AboutApp */,
			);
			path = BeatDemo;
			sourceTree = "<group>";
		};
		7C1D7378212D4B1E00144822 /* AboutApp */ = {
			isa = PBXGroup;
			children = (
				7C1D7363212D470B00144822 /* AppDelegate.swift */,
				7C1D736D212D470C00144822 /* Assets.xcassets */,
				7C1D736F212D470C00144822 /* LaunchScreen.storyboard */,
				7C1D7372212D470C00144822 /* Info.plist */,
				7C1D736A212D470B00144822 /* BeatDemo.xcdatamodeld */,
				7C888E7A212E47DC0094DC85 /* BeatDemo-Bridging-Header.h */,
			);
			name = AboutApp;
			sourceTree = "<group>";
		};
		7C1D7379212D4B4500144822 /* Class */ = {
			isa = PBXGroup;
			children = (
				7C15E11A212D4C7D00077573 /* Tools */,
				7C15E116212D4C7D00077573 /* AppStandard */,
				7C15E11B212D4C7D00077573 /* DataModel */,
				7C15E117212D4C7D00077573 /* Main */,
				7C2E982321312E2200BBCD75 /* LocalFramework */,
			);
			path = Class;
			sourceTree = "<group>";
		};
		7C2E982321312E2200BBCD75 /* LocalFramework */ = {
			isa = PBXGroup;
			children = (
				7C2E982421312E9900BBCD75 /* SegmentedProgressBar.swift */,
			);
			path = LocalFramework;
			sourceTree = "<group>";
		};
		7C842662212F977D0070FD69 /* BuildViewController */ = {
			isa = PBXGroup;
			children = (
				7C1D7365212D470B00144822 /* ViewController.swift */,
			);
			path = BuildViewController;
			sourceTree = "<group>";
		};
		7C842663212F977D0070FD69 /* EditViewController */ = {
			isa = PBXGroup;
			children = (
				7C842664212F979C0070FD69 /* EditViewController.swift */,
			);
			path = EditViewController;
			sourceTree = "<group>";
		};
		A1E6A2DF3EF7B207B633A981 /* Frameworks */ = {
			isa = PBXGroup;
			children = (
				690775DCC4F41B88F16A2F75 /* Pods_BeatDemo.framework */,
			);
			name = Frameworks;
			sourceTree = "<group>";
		};
/* End PBXGroup section */

/* Begin PBXNativeTarget section */
		7C1D735F212D470B00144822 /* BeatDemo */ = {
			isa = PBXNativeTarget;
			buildConfigurationList = 7C1D7375212D470C00144822 /* Build configuration list for PBXNativeTarget "BeatDemo" */;
			buildPhases = (
				D149C439ACA27CCB71D09FE5 /* [CP] Check Pods Manifest.lock */,
				7C1D735C212D470B00144822 /* Sources */,
				7C1D735D212D470B00144822 /* Frameworks */,
				7C1D735E212D470B00144822 /* Resources */,
				FF1E9366B47A704ACCBA8399 /* [CP] Embed Pods Frameworks */,
				7C888E79212D7B050094DC85 /* ShellScript */,
			);
			buildRules = (
			);
			dependencies = (
			);
			name = BeatDemo;
			productName = BeatDemo;
			productReference = 7C1D7360212D470B00144822 /* BeatDemo.app */;
			productType = "com.apple.product-type.application";
		};
/* End PBXNativeTarget section */

/* Begin PBXProject section */
		7C1D7358212D470A00144822 /* Project object */ = {
			isa = PBXProject;
			attributes = {
				LastSwiftUpdateCheck = 0940;
				LastUpgradeCheck = 0940;
				ORGANIZATIONNAME = "X Young.";
				TargetAttributes = {
					7C1D735F212D470B00144822 = {
						CreatedOnToolsVersion = 9.4.1;
						LastSwiftMigration = 0940;
					};
				};
			};
			buildConfigurationList = 7C1D735B212D470A00144822 /* Build configuration list for PBXProject "BeatDemo" */;
			compatibilityVersion = "Xcode 9.3";
			developmentRegion = en;
			hasScannedForEncodings = 0;
			knownRegions = (
				en,
				Base,
			);
			mainGroup = 7C1D7357212D470A00144822;
			productRefGroup = 7C1D7361212D470B00144822 /* Products */;
			projectDirPath = "";
			projectRoot = "";
			targets = (
				7C1D735F212D470B00144822 /* BeatDemo */,
			);
		};
/* End PBXProject section */

/* Begin PBXResourcesBuildPhase section */
		7C1D735E212D470B00144822 /* Resources */ = {
			isa = PBXResourcesBuildPhase;
			buildActionMask = 2147483647;
			files = (
				7C1D7371212D470C00144822 /* LaunchScreen.storyboard in Resources */,
				7C1D736E212D470C00144822 /* Assets.xcassets in Resources */,
				7C1D7369212D470B00144822 /* Main.storyboard in Resources */,
			);
			runOnlyForDeploymentPostprocessing = 0;
		};
/* End PBXResourcesBuildPhase section */

/* Begin PBXShellScriptBuildPhase section */
		7C888E79212D7B050094DC85 /* ShellScript */ = {
			isa = PBXShellScriptBuildPhase;
			buildActionMask = 2147483647;
			files = (
			);
			inputPaths = (
			);
			outputPaths = (
			);
			runOnlyForDeploymentPostprocessing = 0;
			shellPath = /bin/sh;
			shellScript = "TAGS=\"TODO:|FIXME:\"\necho \"searching ${SRCROOT} for ${TAGS}\"\nfind \"${SRCROOT}\" \\( -name \"*.swift\" \\) -print0 | xargs -0 egrep --with-filename --line-number --only-matching \"($TAGS).*\\$\" | perl -p -e \"s/($TAGS)/ warning: \\$1/\"";
		};
		D149C439ACA27CCB71D09FE5 /* [CP] Check Pods Manifest.lock */ = {
			isa = PBXShellScriptBuildPhase;
			buildActionMask = 2147483647;
			files = (
			);
			inputPaths = (
				"${PODS_PODFILE_DIR_PATH}/Podfile.lock",
				"${PODS_ROOT}/Manifest.lock",
			);
			name = "[CP] Check Pods Manifest.lock";
			outputPaths = (
				"$(DERIVED_FILE_DIR)/Pods-BeatDemo-checkManifestLockResult.txt",
			);
			runOnlyForDeploymentPostprocessing = 0;
			shellPath = /bin/sh;
			shellScript = "diff \"${PODS_PODFILE_DIR_PATH}/Podfile.lock\" \"${PODS_ROOT}/Manifest.lock\" > /dev/null\nif [ $? != 0 ] ; then\n    # print error to STDERR\n    echo \"error: The sandbox is not in sync with the Podfile.lock. Run 'pod install' or update your CocoaPods installation.\" >&2\n    exit 1\nfi\n# This output is used by Xcode 'outputs' to avoid re-running this script phase.\necho \"SUCCESS\" > \"${SCRIPT_OUTPUT_FILE_0}\"\n";
			showEnvVarsInLog = 0;
		};
		FF1E9366B47A704ACCBA8399 /* [CP] Embed Pods Frameworks */ = {
			isa = PBXShellScriptBuildPhase;
			buildActionMask = 2147483647;
			files = (
			);
			inputPaths = (
				"${SRCROOT}/Pods/Target Support Files/Pods-BeatDemo/Pods-BeatDemo-frameworks.sh",
				"${BUILT_PRODUCTS_DIR}/ButtonProgressBar-iOS/ButtonProgressBar_iOS.framework",
				"${BUILT_PRODUCTS_DIR}/ChameleonFramework/ChameleonFramework.framework",
				"${BUILT_PRODUCTS_DIR}/Hero/Hero.framework",
				"${BUILT_PRODUCTS_DIR}/RxCocoa/RxCocoa.framework",
				"${BUILT_PRODUCTS_DIR}/RxSwift/RxSwift.framework",
				"${BUILT_PRODUCTS_DIR}/SVProgressHUD/SVProgressHUD.framework",
				"${BUILT_PRODUCTS_DIR}/SnapKit/SnapKit.framework",
				"${BUILT_PRODUCTS_DIR}/SwiftMessages/SwiftMessages.framework",
				"${BUILT_PRODUCTS_DIR}/XLActionController/XLActionController.framework",
			);
			name = "[CP] Embed Pods Frameworks";
			outputPaths = (
				"${TARGET_BUILD_DIR}/${FRAMEWORKS_FOLDER_PATH}/ButtonProgressBar_iOS.framework",
				"${TARGET_BUILD_DIR}/${FRAMEWORKS_FOLDER_PATH}/ChameleonFramework.framework",
				"${TARGET_BUILD_DIR}/${FRAMEWORKS_FOLDER_PATH}/Hero.framework",
				"${TARGET_BUILD_DIR}/${FRAMEWORKS_FOLDER_PATH}/RxCocoa.framework",
				"${TARGET_BUILD_DIR}/${FRAMEWORKS_FOLDER_PATH}/RxSwift.framework",
				"${TARGET_BUILD_DIR}/${FRAMEWORKS_FOLDER_PATH}/SVProgressHUD.framework",
				"${TARGET_BUILD_DIR}/${FRAMEWORKS_FOLDER_PATH}/SnapKit.framework",
				"${TARGET_BUILD_DIR}/${FRAMEWORKS_FOLDER_PATH}/SwiftMessages.framework",
				"${TARGET_BUILD_DIR}/${FRAMEWORKS_FOLDER_PATH}/XLActionController.framework",
			);
			runOnlyForDeploymentPostprocessing = 0;
			shellPath = /bin/sh;
			shellScript = "\"${SRCROOT}/Pods/Target Support Files/Pods-BeatDemo/Pods-BeatDemo-frameworks.sh\"\n";
			showEnvVarsInLog = 0;
		};
/* End PBXShellScriptBuildPhase section */

/* Begin PBXSourcesBuildPhase section */
		7C1D735C212D470B00144822 /* Sources */ = {
			isa = PBXSourcesBuildPhase;
			buildActionMask = 2147483647;
			files = (
				7C842673212FFAF40070FD69 /* TmpNote.swift in Sources */,
				7C15E125212D65C500077573 /* FrameStandard.swift in Sources */,
				7C2E982921316B2F00BBCD75 /* Sequence.swift in Sources */,
				7C15E122212D4CC800077573 /* ToolClass.swift in Sources */,
				7C84266D212FB1230070FD69 /* PassNote.swift in Sources */,
				7C888E7E212E53D70094DC85 /* DataStandard.swift in Sources */,
				7C888E77212D6D3B0094DC85 /* MusicKeyBoard.swift in Sources */,
				7C888E73212D69000094DC85 /* BaseMusicKey.swift in Sources */,
				7C84266B212FB1230070FD69 /* NoteEvent.swift in Sources */,
				7C1D7366212D470B00144822 /* ViewController.swift in Sources */,
				7C2E982521312E9900BBCD75 /* SegmentedProgressBar.swift in Sources */,
				7C2E9827213145F100BBCD75 /* ProgressButtonManager.swift in Sources */,
				7C1E4C442133D590003BE6EC /* SimpleAlertController.swift in Sources */,
				7C84267521300B180070FD69 /* BasicPlayer.swift in Sources */,
				7C15E120212D4CC800077573 /* BasicKnowledge.swift in Sources */,
				7C84266C212FB1230070FD69 /* BasicSequencer.swift in Sources */,
				7C2E982B21316C3C00BBCD75 /* Section.swift in Sources */,
				7C15E121212D4CC800077573 /* ExtensionForSomeClass.swift in Sources */,
				7C842665212F979C0070FD69 /* EditViewController.swift in Sources */,
				7C842671212FDDBF0070FD69 /* MusicTimer.swift in Sources */,
				7C1D736C212D470B00144822 /* BeatDemo.xcdatamodeld in Sources */,
				7C888E75212D69730094DC85 /* EnumStandard.swift in Sources */,
				7C1D7364212D470B00144822 /* AppDelegate.swift in Sources */,
			);
			runOnlyForDeploymentPostprocessing = 0;
		};
/* End PBXSourcesBuildPhase section */

/* Begin PBXVariantGroup section */
		7C1D7367212D470B00144822 /* Main.storyboard */ = {
			isa = PBXVariantGroup;
			children = (
				7C1D7368212D470B00144822 /* Base */,
			);
			name = Main.storyboard;
			sourceTree = "<group>";
		};
		7C1D736F212D470C00144822 /* LaunchScreen.storyboard */ = {
			isa = PBXVariantGroup;
			children = (
				7C1D7370212D470C00144822 /* Base */,
			);
			name = LaunchScreen.storyboard;
			sourceTree = "<group>";
		};
/* End PBXVariantGroup section */

/* Begin XCBuildConfiguration section */
		7C1D7373212D470C00144822 /* Debug */ = {
			isa = XCBuildConfiguration;
			buildSettings = {
				ALWAYS_SEARCH_USER_PATHS = NO;
				CLANG_ANALYZER_NONNULL = YES;
				CLANG_ANALYZER_NUMBER_OBJECT_CONVERSION = YES_AGGRESSIVE;
				CLANG_CXX_LANGUAGE_STANDARD = "gnu++14";
				CLANG_CXX_LIBRARY = "libc++";
				CLANG_ENABLE_MODULES = YES;
				CLANG_ENABLE_OBJC_ARC = YES;
				CLANG_ENABLE_OBJC_WEAK = YES;
				CLANG_WARN_BLOCK_CAPTURE_AUTORELEASING = YES;
				CLANG_WARN_BOOL_CONVERSION = YES;
				CLANG_WARN_COMMA = YES;
				CLANG_WARN_CONSTANT_CONVERSION = YES;
				CLANG_WARN_DEPRECATED_OBJC_IMPLEMENTATIONS = YES;
				CLANG_WARN_DIRECT_OBJC_ISA_USAGE = YES_ERROR;
				CLANG_WARN_DOCUMENTATION_COMMENTS = YES;
				CLANG_WARN_EMPTY_BODY = YES;
				CLANG_WARN_ENUM_CONVERSION = YES;
				CLANG_WARN_INFINITE_RECURSION = YES;
				CLANG_WARN_INT_CONVERSION = YES;
				CLANG_WARN_NON_LITERAL_NULL_CONVERSION = YES;
				CLANG_WARN_OBJC_IMPLICIT_RETAIN_SELF = YES;
				CLANG_WARN_OBJC_LITERAL_CONVERSION = YES;
				CLANG_WARN_OBJC_ROOT_CLASS = YES_ERROR;
				CLANG_WARN_RANGE_LOOP_ANALYSIS = YES;
				CLANG_WARN_STRICT_PROTOTYPES = YES;
				CLANG_WARN_SUSPICIOUS_MOVE = YES;
				CLANG_WARN_UNGUARDED_AVAILABILITY = YES_AGGRESSIVE;
				CLANG_WARN_UNREACHABLE_CODE = YES;
				CLANG_WARN__DUPLICATE_METHOD_MATCH = YES;
				CODE_SIGN_IDENTITY = "iPhone Developer";
				COPY_PHASE_STRIP = NO;
				DEBUG_INFORMATION_FORMAT = dwarf;
				ENABLE_STRICT_OBJC_MSGSEND = YES;
				ENABLE_TESTABILITY = YES;
				GCC_C_LANGUAGE_STANDARD = gnu11;
				GCC_DYNAMIC_NO_PIC = NO;
				GCC_NO_COMMON_BLOCKS = YES;
				GCC_OPTIMIZATION_LEVEL = 0;
				GCC_PREPROCESSOR_DEFINITIONS = (
					"DEBUG=1",
					"$(inherited)",
				);
				GCC_WARN_64_TO_32_BIT_CONVERSION = YES;
				GCC_WARN_ABOUT_RETURN_TYPE = YES_ERROR;
				GCC_WARN_UNDECLARED_SELECTOR = YES;
				GCC_WARN_UNINITIALIZED_AUTOS = YES_AGGRESSIVE;
				GCC_WARN_UNUSED_FUNCTION = YES;
				GCC_WARN_UNUSED_VARIABLE = YES;
				IPHONEOS_DEPLOYMENT_TARGET = 11.4;
				MTL_ENABLE_DEBUG_INFO = YES;
				ONLY_ACTIVE_ARCH = YES;
				SDKROOT = iphoneos;
				SWIFT_ACTIVE_COMPILATION_CONDITIONS = DEBUG;
				SWIFT_OPTIMIZATION_LEVEL = "-Onone";
			};
			name = Debug;
		};
		7C1D7374212D470C00144822 /* Release */ = {
			isa = XCBuildConfiguration;
			buildSettings = {
				ALWAYS_SEARCH_USER_PATHS = NO;
				CLANG_ANALYZER_NONNULL = YES;
				CLANG_ANALYZER_NUMBER_OBJECT_CONVERSION = YES_AGGRESSIVE;
				CLANG_CXX_LANGUAGE_STANDARD = "gnu++14";
				CLANG_CXX_LIBRARY = "libc++";
				CLANG_ENABLE_MODULES = YES;
				CLANG_ENABLE_OBJC_ARC = YES;
				CLANG_ENABLE_OBJC_WEAK = YES;
				CLANG_WARN_BLOCK_CAPTURE_AUTORELEASING = YES;
				CLANG_WARN_BOOL_CONVERSION = YES;
				CLANG_WARN_COMMA = YES;
				CLANG_WARN_CONSTANT_CONVERSION = YES;
				CLANG_WARN_DEPRECATED_OBJC_IMPLEMENTATIONS = YES;
				CLANG_WARN_DIRECT_OBJC_ISA_USAGE = YES_ERROR;
				CLANG_WARN_DOCUMENTATION_COMMENTS = YES;
				CLANG_WARN_EMPTY_BODY = YES;
				CLANG_WARN_ENUM_CONVERSION = YES;
				CLANG_WARN_INFINITE_RECURSION = YES;
				CLANG_WARN_INT_CONVERSION = YES;
				CLANG_WARN_NON_LITERAL_NULL_CONVERSION = YES;
				CLANG_WARN_OBJC_IMPLICIT_RETAIN_SELF = YES;
				CLANG_WARN_OBJC_LITERAL_CONVERSION = YES;
				CLANG_WARN_OBJC_ROOT_CLASS = YES_ERROR;
				CLANG_WARN_RANGE_LOOP_ANALYSIS = YES;
				CLANG_WARN_STRICT_PROTOTYPES = YES;
				CLANG_WARN_SUSPICIOUS_MOVE = YES;
				CLANG_WARN_UNGUARDED_AVAILABILITY = YES_AGGRESSIVE;
				CLANG_WARN_UNREACHABLE_CODE = YES;
				CLANG_WARN__DUPLICATE_METHOD_MATCH = YES;
				CODE_SIGN_IDENTITY = "iPhone Developer";
				COPY_PHASE_STRIP = NO;
				DEBUG_INFORMATION_FORMAT = "dwarf-with-dsym";
				ENABLE_NS_ASSERTIONS = NO;
				ENABLE_STRICT_OBJC_MSGSEND = YES;
				GCC_C_LANGUAGE_STANDARD = gnu11;
				GCC_NO_COMMON_BLOCKS = YES;
				GCC_WARN_64_TO_32_BIT_CONVERSION = YES;
				GCC_WARN_ABOUT_RETURN_TYPE = YES_ERROR;
				GCC_WARN_UNDECLARED_SELECTOR = YES;
				GCC_WARN_UNINITIALIZED_AUTOS = YES_AGGRESSIVE;
				GCC_WARN_UNUSED_FUNCTION = YES;
				GCC_WARN_UNUSED_VARIABLE = YES;
				IPHONEOS_DEPLOYMENT_TARGET = 11.4;
				MTL_ENABLE_DEBUG_INFO = NO;
				SDKROOT = iphoneos;
				SWIFT_COMPILATION_MODE = wholemodule;
				SWIFT_OPTIMIZATION_LEVEL = "-O";
				VALIDATE_PRODUCT = YES;
			};
			name = Release;
		};
		7C1D7376212D470C00144822 /* Debug */ = {
			isa = XCBuildConfiguration;
			baseConfigurationReference = 3D780262589EA7F2CFC0DA1D /* Pods-BeatDemo.debug.xcconfig */;
			buildSettings = {
				ASSETCATALOG_COMPILER_APPICON_NAME = AppIcon;
				CLANG_ENABLE_MODULES = YES;
				CODE_SIGN_STYLE = Automatic;
				DEVELOPMENT_TEAM = L9ZC5Q2DDV;
				INFOPLIST_FILE = BeatDemo/Info.plist;
				IPHONEOS_DEPLOYMENT_TARGET = 11.0;
				LD_RUNPATH_SEARCH_PATHS = (
					"$(inherited)",
					"@executable_path/Frameworks",
				);
				PRODUCT_BUNDLE_IDENTIFIER = Young.BeatDemo;
				PRODUCT_NAME = "$(TARGET_NAME)";
				SWIFT_OBJC_BRIDGING_HEADER = "BeatDemo/BeatDemo-Bridging-Header.h";
				SWIFT_OPTIMIZATION_LEVEL = "-Onone";
				SWIFT_VERSION = 4.0;
				TARGETED_DEVICE_FAMILY = "1,2";
			};
			name = Debug;
		};
		7C1D7377212D470C00144822 /* Release */ = {
			isa = XCBuildConfiguration;
			baseConfigurationReference = 198DE31940DDDEBD09895E7B /* Pods-BeatDemo.release.xcconfig */;
			buildSettings = {
				ASSETCATALOG_COMPILER_APPICON_NAME = AppIcon;
				CLANG_ENABLE_MODULES = YES;
				CODE_SIGN_STYLE = Automatic;
				DEVELOPMENT_TEAM = L9ZC5Q2DDV;
				INFOPLIST_FILE = BeatDemo/Info.plist;
				IPHONEOS_DEPLOYMENT_TARGET = 11.0;
				LD_RUNPATH_SEARCH_PATHS = (
					"$(inherited)",
					"@executable_path/Frameworks",
				);
				PRODUCT_BUNDLE_IDENTIFIER = Young.BeatDemo;
				PRODUCT_NAME = "$(TARGET_NAME)";
				SWIFT_OBJC_BRIDGING_HEADER = "BeatDemo/BeatDemo-Bridging-Header.h";
				SWIFT_VERSION = 4.0;
				TARGETED_DEVICE_FAMILY = "1,2";
			};
			name = Release;
		};
/* End XCBuildConfiguration section */

/* Begin XCConfigurationList section */
		7C1D735B212D470A00144822 /* Build configuration list for PBXProject "BeatDemo" */ = {
			isa = XCConfigurationList;
			buildConfigurations = (
				7C1D7373212D470C00144822 /* Debug */,
				7C1D7374212D470C00144822 /* Release */,
			);
			defaultConfigurationIsVisible = 0;
			defaultConfigurationName = Release;
		};
		7C1D7375212D470C00144822 /* Build configuration list for PBXNativeTarget "BeatDemo" */ = {
			isa = XCConfigurationList;
			buildConfigurations = (
				7C1D7376212D470C00144822 /* Debug */,
				7C1D7377212D470C00144822 /* Release */,
			);
			defaultConfigurationIsVisible = 0;
			defaultConfigurationName = Release;
		};
/* End XCConfigurationList section */

/* Begin XCVersionGroup section */
		7C1D736A212D470B00144822 /* BeatDemo.xcdatamodeld */ = {
			isa = XCVersionGroup;
			children = (
				7C1D736B212D470B00144822 /* BeatDemo.xcdatamodel */,
			);
			currentVersion = 7C1D736B212D470B00144822 /* BeatDemo.xcdatamodel */;
			path = BeatDemo.xcdatamodeld;
			sourceTree = "<group>";
			versionGroupType = wrapper.xcdatamodel;
		};
/* End XCVersionGroup section */
	};
	rootObject = 7C1D7358212D470A00144822 /* Project object */;
}
